// !$*UTF8*$!
{
	archiveVersion = 1;
	classes = {
	};
	objectVersion = 47;
	objects = {

/* Begin PBXBuildFile section */
		524F1DF71E89AFE0000AC6FE /* Unbox.swift in Sources */ = {isa = PBXBuildFile; fileRef = 524F1DF61E89AFE0000AC6FE /* Unbox.swift */; };
		524F1DF81E89AFE0000AC6FE /* Unbox.swift in Sources */ = {isa = PBXBuildFile; fileRef = 524F1DF61E89AFE0000AC6FE /* Unbox.swift */; };
		524F1DF91E89AFE0000AC6FE /* Unbox.swift in Sources */ = {isa = PBXBuildFile; fileRef = 524F1DF61E89AFE0000AC6FE /* Unbox.swift */; };
		524F1DFA1E89AFE0000AC6FE /* Unbox.swift in Sources */ = {isa = PBXBuildFile; fileRef = 524F1DF61E89AFE0000AC6FE /* Unbox.swift */; };
		524F1DFC1E89B02F000AC6FE /* UnboxTests.swift in Sources */ = {isa = PBXBuildFile; fileRef = 524F1DFB1E89B02F000AC6FE /* UnboxTests.swift */; };
		524F1DFD1E89B02F000AC6FE /* UnboxTests.swift in Sources */ = {isa = PBXBuildFile; fileRef = 524F1DFB1E89B02F000AC6FE /* UnboxTests.swift */; };
		524F1DFE1E89B02F000AC6FE /* UnboxTests.swift in Sources */ = {isa = PBXBuildFile; fileRef = 524F1DFB1E89B02F000AC6FE /* UnboxTests.swift */; };
		524F1E001E89B06E000AC6FE /* UnboxError.swift in Sources */ = {isa = PBXBuildFile; fileRef = 524F1DFF1E89B06E000AC6FE /* UnboxError.swift */; };
		524F1E011E89B06E000AC6FE /* UnboxError.swift in Sources */ = {isa = PBXBuildFile; fileRef = 524F1DFF1E89B06E000AC6FE /* UnboxError.swift */; };
		524F1E021E89B06E000AC6FE /* UnboxError.swift in Sources */ = {isa = PBXBuildFile; fileRef = 524F1DFF1E89B06E000AC6FE /* UnboxError.swift */; };
		524F1E031E89B06E000AC6FE /* UnboxError.swift in Sources */ = {isa = PBXBuildFile; fileRef = 524F1DFF1E89B06E000AC6FE /* UnboxError.swift */; };
		524F1E051E89B0A3000AC6FE /* UnboxPathError.swift in Sources */ = {isa = PBXBuildFile; fileRef = 524F1E041E89B0A3000AC6FE /* UnboxPathError.swift */; };
		524F1E061E89B0A3000AC6FE /* UnboxPathError.swift in Sources */ = {isa = PBXBuildFile; fileRef = 524F1E041E89B0A3000AC6FE /* UnboxPathError.swift */; };
		524F1E071E89B0A3000AC6FE /* UnboxPathError.swift in Sources */ = {isa = PBXBuildFile; fileRef = 524F1E041E89B0A3000AC6FE /* UnboxPathError.swift */; };
		524F1E081E89B0A3000AC6FE /* UnboxPathError.swift in Sources */ = {isa = PBXBuildFile; fileRef = 524F1E041E89B0A3000AC6FE /* UnboxPathError.swift */; };
		524F1E0A1E89B117000AC6FE /* Unboxable.swift in Sources */ = {isa = PBXBuildFile; fileRef = 524F1E091E89B117000AC6FE /* Unboxable.swift */; };
		524F1E0B1E89B117000AC6FE /* Unboxable.swift in Sources */ = {isa = PBXBuildFile; fileRef = 524F1E091E89B117000AC6FE /* Unboxable.swift */; };
		524F1E0C1E89B117000AC6FE /* Unboxable.swift in Sources */ = {isa = PBXBuildFile; fileRef = 524F1E091E89B117000AC6FE /* Unboxable.swift */; };
		524F1E0D1E89B117000AC6FE /* Unboxable.swift in Sources */ = {isa = PBXBuildFile; fileRef = 524F1E091E89B117000AC6FE /* Unboxable.swift */; };
		524F1E0F1E89B168000AC6FE /* UnboxableWithContext.swift in Sources */ = {isa = PBXBuildFile; fileRef = 524F1E0E1E89B168000AC6FE /* UnboxableWithContext.swift */; };
		524F1E101E89B168000AC6FE /* UnboxableWithContext.swift in Sources */ = {isa = PBXBuildFile; fileRef = 524F1E0E1E89B168000AC6FE /* UnboxableWithContext.swift */; };
		524F1E111E89B168000AC6FE /* UnboxableWithContext.swift in Sources */ = {isa = PBXBuildFile; fileRef = 524F1E0E1E89B168000AC6FE /* UnboxableWithContext.swift */; };
		524F1E121E89B168000AC6FE /* UnboxableWithContext.swift in Sources */ = {isa = PBXBuildFile; fileRef = 524F1E0E1E89B168000AC6FE /* UnboxableWithContext.swift */; };
		524F1E141E89B276000AC6FE /* UnboxCompatible.swift in Sources */ = {isa = PBXBuildFile; fileRef = 524F1E131E89B276000AC6FE /* UnboxCompatible.swift */; };
		524F1E151E89B276000AC6FE /* UnboxCompatible.swift in Sources */ = {isa = PBXBuildFile; fileRef = 524F1E131E89B276000AC6FE /* UnboxCompatible.swift */; };
		524F1E161E89B276000AC6FE /* UnboxCompatible.swift in Sources */ = {isa = PBXBuildFile; fileRef = 524F1E131E89B276000AC6FE /* UnboxCompatible.swift */; };
		524F1E171E89B276000AC6FE /* UnboxCompatible.swift in Sources */ = {isa = PBXBuildFile; fileRef = 524F1E131E89B276000AC6FE /* UnboxCompatible.swift */; };
		524F1E191E89B2A9000AC6FE /* UnboxableRawType.swift in Sources */ = {isa = PBXBuildFile; fileRef = 524F1E181E89B2A9000AC6FE /* UnboxableRawType.swift */; };
		524F1E1A1E89B2A9000AC6FE /* UnboxableRawType.swift in Sources */ = {isa = PBXBuildFile; fileRef = 524F1E181E89B2A9000AC6FE /* UnboxableRawType.swift */; };
		524F1E1B1E89B2A9000AC6FE /* UnboxableRawType.swift in Sources */ = {isa = PBXBuildFile; fileRef = 524F1E181E89B2A9000AC6FE /* UnboxableRawType.swift */; };
		524F1E1C1E89B2A9000AC6FE /* UnboxableRawType.swift in Sources */ = {isa = PBXBuildFile; fileRef = 524F1E181E89B2A9000AC6FE /* UnboxableRawType.swift */; };
		524F1E1E1E89B345000AC6FE /* UnboxableCollection.swift in Sources */ = {isa = PBXBuildFile; fileRef = 524F1E1D1E89B345000AC6FE /* UnboxableCollection.swift */; };
		524F1E1F1E89B345000AC6FE /* UnboxableCollection.swift in Sources */ = {isa = PBXBuildFile; fileRef = 524F1E1D1E89B345000AC6FE /* UnboxableCollection.swift */; };
		524F1E201E89B345000AC6FE /* UnboxableCollection.swift in Sources */ = {isa = PBXBuildFile; fileRef = 524F1E1D1E89B345000AC6FE /* UnboxableCollection.swift */; };
		524F1E211E89B345000AC6FE /* UnboxableCollection.swift in Sources */ = {isa = PBXBuildFile; fileRef = 524F1E1D1E89B345000AC6FE /* UnboxableCollection.swift */; };
		524F1E231E89B381000AC6FE /* UnboxCollectionElementTransformer.swift in Sources */ = {isa = PBXBuildFile; fileRef = 524F1E221E89B381000AC6FE /* UnboxCollectionElementTransformer.swift */; };
		524F1E241E89B381000AC6FE /* UnboxCollectionElementTransformer.swift in Sources */ = {isa = PBXBuildFile; fileRef = 524F1E221E89B381000AC6FE /* UnboxCollectionElementTransformer.swift */; };
		524F1E251E89B381000AC6FE /* UnboxCollectionElementTransformer.swift in Sources */ = {isa = PBXBuildFile; fileRef = 524F1E221E89B381000AC6FE /* UnboxCollectionElementTransformer.swift */; };
		524F1E261E89B381000AC6FE /* UnboxCollectionElementTransformer.swift in Sources */ = {isa = PBXBuildFile; fileRef = 524F1E221E89B381000AC6FE /* UnboxCollectionElementTransformer.swift */; };
		524F1E281E89B3BC000AC6FE /* UnboxableEnum.swift in Sources */ = {isa = PBXBuildFile; fileRef = 524F1E271E89B3BC000AC6FE /* UnboxableEnum.swift */; };
		524F1E291E89B3BC000AC6FE /* UnboxableEnum.swift in Sources */ = {isa = PBXBuildFile; fileRef = 524F1E271E89B3BC000AC6FE /* UnboxableEnum.swift */; };
		524F1E2A1E89B3BC000AC6FE /* UnboxableEnum.swift in Sources */ = {isa = PBXBuildFile; fileRef = 524F1E271E89B3BC000AC6FE /* UnboxableEnum.swift */; };
		524F1E2B1E89B3BC000AC6FE /* UnboxableEnum.swift in Sources */ = {isa = PBXBuildFile; fileRef = 524F1E271E89B3BC000AC6FE /* UnboxableEnum.swift */; };
		524F1E2D1E89B3E3000AC6FE /* UnboxableKey.swift in Sources */ = {isa = PBXBuildFile; fileRef = 524F1E2C1E89B3E3000AC6FE /* UnboxableKey.swift */; };
		524F1E2E1E89B3E3000AC6FE /* UnboxableKey.swift in Sources */ = {isa = PBXBuildFile; fileRef = 524F1E2C1E89B3E3000AC6FE /* UnboxableKey.swift */; };
		524F1E2F1E89B3E3000AC6FE /* UnboxableKey.swift in Sources */ = {isa = PBXBuildFile; fileRef = 524F1E2C1E89B3E3000AC6FE /* UnboxableKey.swift */; };
		524F1E301E89B3E3000AC6FE /* UnboxableKey.swift in Sources */ = {isa = PBXBuildFile; fileRef = 524F1E2C1E89B3E3000AC6FE /* UnboxableKey.swift */; };
		524F1E321E89B409000AC6FE /* UnboxableByTransform.swift in Sources */ = {isa = PBXBuildFile; fileRef = 524F1E311E89B409000AC6FE /* UnboxableByTransform.swift */; };
		524F1E331E89B409000AC6FE /* UnboxableByTransform.swift in Sources */ = {isa = PBXBuildFile; fileRef = 524F1E311E89B409000AC6FE /* UnboxableByTransform.swift */; };
		524F1E341E89B409000AC6FE /* UnboxableByTransform.swift in Sources */ = {isa = PBXBuildFile; fileRef = 524F1E311E89B409000AC6FE /* UnboxableByTransform.swift */; };
		524F1E351E89B409000AC6FE /* UnboxableByTransform.swift in Sources */ = {isa = PBXBuildFile; fileRef = 524F1E311E89B409000AC6FE /* UnboxableByTransform.swift */; };
		524F1E371E89B42E000AC6FE /* UnboxFormatter.swift in Sources */ = {isa = PBXBuildFile; fileRef = 524F1E361E89B42D000AC6FE /* UnboxFormatter.swift */; };
		524F1E381E89B42E000AC6FE /* UnboxFormatter.swift in Sources */ = {isa = PBXBuildFile; fileRef = 524F1E361E89B42D000AC6FE /* UnboxFormatter.swift */; };
		524F1E391E89B42E000AC6FE /* UnboxFormatter.swift in Sources */ = {isa = PBXBuildFile; fileRef = 524F1E361E89B42D000AC6FE /* UnboxFormatter.swift */; };
		524F1E3A1E89B42E000AC6FE /* UnboxFormatter.swift in Sources */ = {isa = PBXBuildFile; fileRef = 524F1E361E89B42D000AC6FE /* UnboxFormatter.swift */; };
		524F1E3C1E89B884000AC6FE /* Optional+Unbox.swift in Sources */ = {isa = PBXBuildFile; fileRef = 524F1E3B1E89B884000AC6FE /* Optional+Unbox.swift */; };
		524F1E3D1E89B884000AC6FE /* Optional+Unbox.swift in Sources */ = {isa = PBXBuildFile; fileRef = 524F1E3B1E89B884000AC6FE /* Optional+Unbox.swift */; };
		524F1E3E1E89B884000AC6FE /* Optional+Unbox.swift in Sources */ = {isa = PBXBuildFile; fileRef = 524F1E3B1E89B884000AC6FE /* Optional+Unbox.swift */; };
		524F1E3F1E89B884000AC6FE /* Optional+Unbox.swift in Sources */ = {isa = PBXBuildFile; fileRef = 524F1E3B1E89B884000AC6FE /* Optional+Unbox.swift */; };
		524F1E411E89B967000AC6FE /* Bool+Unbox.swift in Sources */ = {isa = PBXBuildFile; fileRef = 524F1E401E89B967000AC6FE /* Bool+Unbox.swift */; };
		524F1E421E89B967000AC6FE /* Bool+Unbox.swift in Sources */ = {isa = PBXBuildFile; fileRef = 524F1E401E89B967000AC6FE /* Bool+Unbox.swift */; };
		524F1E431E89B967000AC6FE /* Bool+Unbox.swift in Sources */ = {isa = PBXBuildFile; fileRef = 524F1E401E89B967000AC6FE /* Bool+Unbox.swift */; };
		524F1E441E89B967000AC6FE /* Bool+Unbox.swift in Sources */ = {isa = PBXBuildFile; fileRef = 524F1E401E89B967000AC6FE /* Bool+Unbox.swift */; };
		524F1E461E89B9A1000AC6FE /* Int+Unbox.swift in Sources */ = {isa = PBXBuildFile; fileRef = 524F1E451E89B9A1000AC6FE /* Int+Unbox.swift */; };
		524F1E471E89B9A1000AC6FE /* Int+Unbox.swift in Sources */ = {isa = PBXBuildFile; fileRef = 524F1E451E89B9A1000AC6FE /* Int+Unbox.swift */; };
		524F1E481E89B9A1000AC6FE /* Int+Unbox.swift in Sources */ = {isa = PBXBuildFile; fileRef = 524F1E451E89B9A1000AC6FE /* Int+Unbox.swift */; };
		524F1E491E89B9A1000AC6FE /* Int+Unbox.swift in Sources */ = {isa = PBXBuildFile; fileRef = 524F1E451E89B9A1000AC6FE /* Int+Unbox.swift */; };
		524F1E4B1E89B9F7000AC6FE /* UInt+Unbox.swift in Sources */ = {isa = PBXBuildFile; fileRef = 524F1E4A1E89B9F7000AC6FE /* UInt+Unbox.swift */; };
		524F1E4C1E89B9F7000AC6FE /* UInt+Unbox.swift in Sources */ = {isa = PBXBuildFile; fileRef = 524F1E4A1E89B9F7000AC6FE /* UInt+Unbox.swift */; };
		524F1E4D1E89B9F7000AC6FE /* UInt+Unbox.swift in Sources */ = {isa = PBXBuildFile; fileRef = 524F1E4A1E89B9F7000AC6FE /* UInt+Unbox.swift */; };
		524F1E4E1E89B9F7000AC6FE /* UInt+Unbox.swift in Sources */ = {isa = PBXBuildFile; fileRef = 524F1E4A1E89B9F7000AC6FE /* UInt+Unbox.swift */; };
		524F1E501E89BA26000AC6FE /* Int32+Unbox.swift in Sources */ = {isa = PBXBuildFile; fileRef = 524F1E4F1E89BA26000AC6FE /* Int32+Unbox.swift */; };
		524F1E511E89BA26000AC6FE /* Int32+Unbox.swift in Sources */ = {isa = PBXBuildFile; fileRef = 524F1E4F1E89BA26000AC6FE /* Int32+Unbox.swift */; };
		524F1E521E89BA26000AC6FE /* Int32+Unbox.swift in Sources */ = {isa = PBXBuildFile; fileRef = 524F1E4F1E89BA26000AC6FE /* Int32+Unbox.swift */; };
		524F1E531E89BA26000AC6FE /* Int32+Unbox.swift in Sources */ = {isa = PBXBuildFile; fileRef = 524F1E4F1E89BA26000AC6FE /* Int32+Unbox.swift */; };
		524F1E551E89BA3A000AC6FE /* Int64+Unbox.swift in Sources */ = {isa = PBXBuildFile; fileRef = 524F1E541E89BA3A000AC6FE /* Int64+Unbox.swift */; };
		524F1E561E89BA3A000AC6FE /* Int64+Unbox.swift in Sources */ = {isa = PBXBuildFile; fileRef = 524F1E541E89BA3A000AC6FE /* Int64+Unbox.swift */; };
		524F1E571E89BA3A000AC6FE /* Int64+Unbox.swift in Sources */ = {isa = PBXBuildFile; fileRef = 524F1E541E89BA3A000AC6FE /* Int64+Unbox.swift */; };
		524F1E581E89BA3A000AC6FE /* Int64+Unbox.swift in Sources */ = {isa = PBXBuildFile; fileRef = 524F1E541E89BA3A000AC6FE /* Int64+Unbox.swift */; };
		524F1E5A1E89BA78000AC6FE /* UInt32+Unbox.swift in Sources */ = {isa = PBXBuildFile; fileRef = 524F1E591E89BA78000AC6FE /* UInt32+Unbox.swift */; };
		524F1E5B1E89BA78000AC6FE /* UInt32+Unbox.swift in Sources */ = {isa = PBXBuildFile; fileRef = 524F1E591E89BA78000AC6FE /* UInt32+Unbox.swift */; };
		524F1E5C1E89BA78000AC6FE /* UInt32+Unbox.swift in Sources */ = {isa = PBXBuildFile; fileRef = 524F1E591E89BA78000AC6FE /* UInt32+Unbox.swift */; };
		524F1E5D1E89BA78000AC6FE /* UInt32+Unbox.swift in Sources */ = {isa = PBXBuildFile; fileRef = 524F1E591E89BA78000AC6FE /* UInt32+Unbox.swift */; };
		524F1E5F1E89BA9E000AC6FE /* UInt64+Unbox.swift in Sources */ = {isa = PBXBuildFile; fileRef = 524F1E5E1E89BA9E000AC6FE /* UInt64+Unbox.swift */; };
		524F1E601E89BA9E000AC6FE /* UInt64+Unbox.swift in Sources */ = {isa = PBXBuildFile; fileRef = 524F1E5E1E89BA9E000AC6FE /* UInt64+Unbox.swift */; };
		524F1E611E89BA9E000AC6FE /* UInt64+Unbox.swift in Sources */ = {isa = PBXBuildFile; fileRef = 524F1E5E1E89BA9E000AC6FE /* UInt64+Unbox.swift */; };
		524F1E621E89BA9E000AC6FE /* UInt64+Unbox.swift in Sources */ = {isa = PBXBuildFile; fileRef = 524F1E5E1E89BA9E000AC6FE /* UInt64+Unbox.swift */; };
		524F1E641E89BABD000AC6FE /* Double+Unbox.swift in Sources */ = {isa = PBXBuildFile; fileRef = 524F1E631E89BABD000AC6FE /* Double+Unbox.swift */; };
		524F1E651E89BABD000AC6FE /* Double+Unbox.swift in Sources */ = {isa = PBXBuildFile; fileRef = 524F1E631E89BABD000AC6FE /* Double+Unbox.swift */; };
		524F1E661E89BABD000AC6FE /* Double+Unbox.swift in Sources */ = {isa = PBXBuildFile; fileRef = 524F1E631E89BABD000AC6FE /* Double+Unbox.swift */; };
		524F1E671E89BABD000AC6FE /* Double+Unbox.swift in Sources */ = {isa = PBXBuildFile; fileRef = 524F1E631E89BABD000AC6FE /* Double+Unbox.swift */; };
		524F1E691E89BAE7000AC6FE /* Float+Unbox.swift in Sources */ = {isa = PBXBuildFile; fileRef = 524F1E681E89BAE7000AC6FE /* Float+Unbox.swift */; };
		524F1E6A1E89BAE7000AC6FE /* Float+Unbox.swift in Sources */ = {isa = PBXBuildFile; fileRef = 524F1E681E89BAE7000AC6FE /* Float+Unbox.swift */; };
		524F1E6B1E89BAE7000AC6FE /* Float+Unbox.swift in Sources */ = {isa = PBXBuildFile; fileRef = 524F1E681E89BAE7000AC6FE /* Float+Unbox.swift */; };
		524F1E6C1E89BAE7000AC6FE /* Float+Unbox.swift in Sources */ = {isa = PBXBuildFile; fileRef = 524F1E681E89BAE7000AC6FE /* Float+Unbox.swift */; };
		524F1E6E1E89BB05000AC6FE /* Decimal+Unbox.swift in Sources */ = {isa = PBXBuildFile; fileRef = 524F1E6D1E89BB05000AC6FE /* Decimal+Unbox.swift */; };
		524F1E6F1E89BB05000AC6FE /* Decimal+Unbox.swift in Sources */ = {isa = PBXBuildFile; fileRef = 524F1E6D1E89BB05000AC6FE /* Decimal+Unbox.swift */; };
		524F1E701E89BB05000AC6FE /* Decimal+Unbox.swift in Sources */ = {isa = PBXBuildFile; fileRef = 524F1E6D1E89BB05000AC6FE /* Decimal+Unbox.swift */; };
		524F1E711E89BB05000AC6FE /* Decimal+Unbox.swift in Sources */ = {isa = PBXBuildFile; fileRef = 524F1E6D1E89BB05000AC6FE /* Decimal+Unbox.swift */; };
		524F1E731E89BB42000AC6FE /* Array+Unbox.swift in Sources */ = {isa = PBXBuildFile; fileRef = 524F1E721E89BB42000AC6FE /* Array+Unbox.swift */; };
		524F1E741E89BB42000AC6FE /* Array+Unbox.swift in Sources */ = {isa = PBXBuildFile; fileRef = 524F1E721E89BB42000AC6FE /* Array+Unbox.swift */; };
		524F1E751E89BB42000AC6FE /* Array+Unbox.swift in Sources */ = {isa = PBXBuildFile; fileRef = 524F1E721E89BB42000AC6FE /* Array+Unbox.swift */; };
		524F1E761E89BB42000AC6FE /* Array+Unbox.swift in Sources */ = {isa = PBXBuildFile; fileRef = 524F1E721E89BB42000AC6FE /* Array+Unbox.swift */; };
		524F1E781E89BBC6000AC6FE /* Sequence+Unbox.swift in Sources */ = {isa = PBXBuildFile; fileRef = 524F1E771E89BBC6000AC6FE /* Sequence+Unbox.swift */; };
		524F1E791E89BBC6000AC6FE /* Sequence+Unbox.swift in Sources */ = {isa = PBXBuildFile; fileRef = 524F1E771E89BBC6000AC6FE /* Sequence+Unbox.swift */; };
		524F1E7A1E89BBC6000AC6FE /* Sequence+Unbox.swift in Sources */ = {isa = PBXBuildFile; fileRef = 524F1E771E89BBC6000AC6FE /* Sequence+Unbox.swift */; };
		524F1E7B1E89BBC6000AC6FE /* Sequence+Unbox.swift in Sources */ = {isa = PBXBuildFile; fileRef = 524F1E771E89BBC6000AC6FE /* Sequence+Unbox.swift */; };
		524F1E7D1E89BC47000AC6FE /* Set+Unbox.swift in Sources */ = {isa = PBXBuildFile; fileRef = 524F1E7C1E89BC47000AC6FE /* Set+Unbox.swift */; };
		524F1E7E1E89BC47000AC6FE /* Set+Unbox.swift in Sources */ = {isa = PBXBuildFile; fileRef = 524F1E7C1E89BC47000AC6FE /* Set+Unbox.swift */; };
		524F1E7F1E89BC47000AC6FE /* Set+Unbox.swift in Sources */ = {isa = PBXBuildFile; fileRef = 524F1E7C1E89BC47000AC6FE /* Set+Unbox.swift */; };
		524F1E801E89BC47000AC6FE /* Set+Unbox.swift in Sources */ = {isa = PBXBuildFile; fileRef = 524F1E7C1E89BC47000AC6FE /* Set+Unbox.swift */; };
		524F1E821E89BC99000AC6FE /* Dictionary+Unbox.swift in Sources */ = {isa = PBXBuildFile; fileRef = 524F1E811E89BC99000AC6FE /* Dictionary+Unbox.swift */; };
		524F1E831E89BC99000AC6FE /* Dictionary+Unbox.swift in Sources */ = {isa = PBXBuildFile; fileRef = 524F1E811E89BC99000AC6FE /* Dictionary+Unbox.swift */; };
		524F1E841E89BC99000AC6FE /* Dictionary+Unbox.swift in Sources */ = {isa = PBXBuildFile; fileRef = 524F1E811E89BC99000AC6FE /* Dictionary+Unbox.swift */; };
		524F1E851E89BC99000AC6FE /* Dictionary+Unbox.swift in Sources */ = {isa = PBXBuildFile; fileRef = 524F1E811E89BC99000AC6FE /* Dictionary+Unbox.swift */; };
		524F1E871E89BD1C000AC6FE /* CGFloat+Unbox.swift in Sources */ = {isa = PBXBuildFile; fileRef = 524F1E861E89BD1C000AC6FE /* CGFloat+Unbox.swift */; };
		524F1E881E89BD1C000AC6FE /* CGFloat+Unbox.swift in Sources */ = {isa = PBXBuildFile; fileRef = 524F1E861E89BD1C000AC6FE /* CGFloat+Unbox.swift */; };
		524F1E891E89BD1C000AC6FE /* CGFloat+Unbox.swift in Sources */ = {isa = PBXBuildFile; fileRef = 524F1E861E89BD1C000AC6FE /* CGFloat+Unbox.swift */; };
		524F1E8A1E89BD1C000AC6FE /* CGFloat+Unbox.swift in Sources */ = {isa = PBXBuildFile; fileRef = 524F1E861E89BD1C000AC6FE /* CGFloat+Unbox.swift */; };
		524F1E8C1E89BDB6000AC6FE /* String+Unbox.swift in Sources */ = {isa = PBXBuildFile; fileRef = 524F1E8B1E89BDB6000AC6FE /* String+Unbox.swift */; };
		524F1E8D1E89BDB6000AC6FE /* String+Unbox.swift in Sources */ = {isa = PBXBuildFile; fileRef = 524F1E8B1E89BDB6000AC6FE /* String+Unbox.swift */; };
		524F1E8E1E89BDB6000AC6FE /* String+Unbox.swift in Sources */ = {isa = PBXBuildFile; fileRef = 524F1E8B1E89BDB6000AC6FE /* String+Unbox.swift */; };
		524F1E8F1E89BDB6000AC6FE /* String+Unbox.swift in Sources */ = {isa = PBXBuildFile; fileRef = 524F1E8B1E89BDB6000AC6FE /* String+Unbox.swift */; };
		524F1E911E89BDFC000AC6FE /* URL+Unbox.swift in Sources */ = {isa = PBXBuildFile; fileRef = 524F1E901E89BDFC000AC6FE /* URL+Unbox.swift */; };
		524F1E921E89BDFC000AC6FE /* URL+Unbox.swift in Sources */ = {isa = PBXBuildFile; fileRef = 524F1E901E89BDFC000AC6FE /* URL+Unbox.swift */; };
		524F1E931E89BDFC000AC6FE /* URL+Unbox.swift in Sources */ = {isa = PBXBuildFile; fileRef = 524F1E901E89BDFC000AC6FE /* URL+Unbox.swift */; };
		524F1E941E89BDFC000AC6FE /* URL+Unbox.swift in Sources */ = {isa = PBXBuildFile; fileRef = 524F1E901E89BDFC000AC6FE /* URL+Unbox.swift */; };
		524F1E961E89BE31000AC6FE /* DateFormatter+Unbox.swift in Sources */ = {isa = PBXBuildFile; fileRef = 524F1E951E89BE31000AC6FE /* DateFormatter+Unbox.swift */; };
		524F1E971E89BE31000AC6FE /* DateFormatter+Unbox.swift in Sources */ = {isa = PBXBuildFile; fileRef = 524F1E951E89BE31000AC6FE /* DateFormatter+Unbox.swift */; };
		524F1E981E89BE31000AC6FE /* DateFormatter+Unbox.swift in Sources */ = {isa = PBXBuildFile; fileRef = 524F1E951E89BE31000AC6FE /* DateFormatter+Unbox.swift */; };
		524F1E991E89BE31000AC6FE /* DateFormatter+Unbox.swift in Sources */ = {isa = PBXBuildFile; fileRef = 524F1E951E89BE31000AC6FE /* DateFormatter+Unbox.swift */; };
		524F1E9B1E89BE5D000AC6FE /* Unboxer.swift in Sources */ = {isa = PBXBuildFile; fileRef = 524F1E9A1E89BE5D000AC6FE /* Unboxer.swift */; };
		524F1E9C1E89BE5D000AC6FE /* Unboxer.swift in Sources */ = {isa = PBXBuildFile; fileRef = 524F1E9A1E89BE5D000AC6FE /* Unboxer.swift */; };
		524F1E9D1E89BE5D000AC6FE /* Unboxer.swift in Sources */ = {isa = PBXBuildFile; fileRef = 524F1E9A1E89BE5D000AC6FE /* Unboxer.swift */; };
		524F1E9E1E89BE5D000AC6FE /* Unboxer.swift in Sources */ = {isa = PBXBuildFile; fileRef = 524F1E9A1E89BE5D000AC6FE /* Unboxer.swift */; };
		524F1EA01E89BF6C000AC6FE /* UnboxPathNode.swift in Sources */ = {isa = PBXBuildFile; fileRef = 524F1E9F1E89BF6C000AC6FE /* UnboxPathNode.swift */; };
		524F1EA11E89BF6C000AC6FE /* UnboxPathNode.swift in Sources */ = {isa = PBXBuildFile; fileRef = 524F1E9F1E89BF6C000AC6FE /* UnboxPathNode.swift */; };
		524F1EA21E89BF6C000AC6FE /* UnboxPathNode.swift in Sources */ = {isa = PBXBuildFile; fileRef = 524F1E9F1E89BF6C000AC6FE /* UnboxPathNode.swift */; };
		524F1EA31E89BF6C000AC6FE /* UnboxPathNode.swift in Sources */ = {isa = PBXBuildFile; fileRef = 524F1E9F1E89BF6C000AC6FE /* UnboxPathNode.swift */; };
		524F1EA51E89BFD4000AC6FE /* NSDictionary+Unbox.swift in Sources */ = {isa = PBXBuildFile; fileRef = 524F1EA41E89BFD4000AC6FE /* NSDictionary+Unbox.swift */; };
		524F1EA61E89BFD4000AC6FE /* NSDictionary+Unbox.swift in Sources */ = {isa = PBXBuildFile; fileRef = 524F1EA41E89BFD4000AC6FE /* NSDictionary+Unbox.swift */; };
		524F1EA71E89BFD4000AC6FE /* NSDictionary+Unbox.swift in Sources */ = {isa = PBXBuildFile; fileRef = 524F1EA41E89BFD4000AC6FE /* NSDictionary+Unbox.swift */; };
		524F1EA81E89BFD4000AC6FE /* NSDictionary+Unbox.swift in Sources */ = {isa = PBXBuildFile; fileRef = 524F1EA41E89BFD4000AC6FE /* NSDictionary+Unbox.swift */; };
		524F1EAA1E89C01B000AC6FE /* NSArray+Unbox.swift in Sources */ = {isa = PBXBuildFile; fileRef = 524F1EA91E89C01B000AC6FE /* NSArray+Unbox.swift */; };
		524F1EAB1E89C01B000AC6FE /* NSArray+Unbox.swift in Sources */ = {isa = PBXBuildFile; fileRef = 524F1EA91E89C01B000AC6FE /* NSArray+Unbox.swift */; };
		524F1EAC1E89C01B000AC6FE /* NSArray+Unbox.swift in Sources */ = {isa = PBXBuildFile; fileRef = 524F1EA91E89C01B000AC6FE /* NSArray+Unbox.swift */; };
		524F1EAD1E89C01B000AC6FE /* NSArray+Unbox.swift in Sources */ = {isa = PBXBuildFile; fileRef = 524F1EA91E89C01B000AC6FE /* NSArray+Unbox.swift */; };
		524F1EAF1E89C0BF000AC6FE /* UnboxPath.swift in Sources */ = {isa = PBXBuildFile; fileRef = 524F1EAE1E89C0BF000AC6FE /* UnboxPath.swift */; };
		524F1EB01E89C0BF000AC6FE /* UnboxPath.swift in Sources */ = {isa = PBXBuildFile; fileRef = 524F1EAE1E89C0BF000AC6FE /* UnboxPath.swift */; };
		524F1EB11E89C0BF000AC6FE /* UnboxPath.swift in Sources */ = {isa = PBXBuildFile; fileRef = 524F1EAE1E89C0BF000AC6FE /* UnboxPath.swift */; };
		524F1EB21E89C0BF000AC6FE /* UnboxPath.swift in Sources */ = {isa = PBXBuildFile; fileRef = 524F1EAE1E89C0BF000AC6FE /* UnboxPath.swift */; };
		524F1EB41E89C0E8000AC6FE /* Typealiases.swift in Sources */ = {isa = PBXBuildFile; fileRef = 524F1EB31E89C0E8000AC6FE /* Typealiases.swift */; };
		524F1EB51E89C0E8000AC6FE /* Typealiases.swift in Sources */ = {isa = PBXBuildFile; fileRef = 524F1EB31E89C0E8000AC6FE /* Typealiases.swift */; };
		524F1EB61E89C0E8000AC6FE /* Typealiases.swift in Sources */ = {isa = PBXBuildFile; fileRef = 524F1EB31E89C0E8000AC6FE /* Typealiases.swift */; };
		524F1EB71E89C0E8000AC6FE /* Typealiases.swift in Sources */ = {isa = PBXBuildFile; fileRef = 524F1EB31E89C0E8000AC6FE /* Typealiases.swift */; };
		524F1EB91E89C16B000AC6FE /* JSONSerialization+Unbox.swift in Sources */ = {isa = PBXBuildFile; fileRef = 524F1EB81E89C16B000AC6FE /* JSONSerialization+Unbox.swift */; };
		524F1EBA1E89C16B000AC6FE /* JSONSerialization+Unbox.swift in Sources */ = {isa = PBXBuildFile; fileRef = 524F1EB81E89C16B000AC6FE /* JSONSerialization+Unbox.swift */; };
		524F1EBB1E89C16B000AC6FE /* JSONSerialization+Unbox.swift in Sources */ = {isa = PBXBuildFile; fileRef = 524F1EB81E89C16B000AC6FE /* JSONSerialization+Unbox.swift */; };
		524F1EBC1E89C16B000AC6FE /* JSONSerialization+Unbox.swift in Sources */ = {isa = PBXBuildFile; fileRef = 524F1EB81E89C16B000AC6FE /* JSONSerialization+Unbox.swift */; };
		524F1EBE1E89C1C6000AC6FE /* Data+Unbox.swift in Sources */ = {isa = PBXBuildFile; fileRef = 524F1EBD1E89C1C6000AC6FE /* Data+Unbox.swift */; };
		524F1EBF1E89C1C6000AC6FE /* Data+Unbox.swift in Sources */ = {isa = PBXBuildFile; fileRef = 524F1EBD1E89C1C6000AC6FE /* Data+Unbox.swift */; };
		524F1EC01E89C1C6000AC6FE /* Data+Unbox.swift in Sources */ = {isa = PBXBuildFile; fileRef = 524F1EBD1E89C1C6000AC6FE /* Data+Unbox.swift */; };
		524F1EC11E89C1C6000AC6FE /* Data+Unbox.swift in Sources */ = {isa = PBXBuildFile; fileRef = 524F1EBD1E89C1C6000AC6FE /* Data+Unbox.swift */; };
		524F1EC81E89C41C000AC6FE /* UnboxContainer.swift in Sources */ = {isa = PBXBuildFile; fileRef = 524F1EC71E89C41C000AC6FE /* UnboxContainer.swift */; };
		524F1EC91E89C41C000AC6FE /* UnboxContainer.swift in Sources */ = {isa = PBXBuildFile; fileRef = 524F1EC71E89C41C000AC6FE /* UnboxContainer.swift */; };
		524F1ECA1E89C41C000AC6FE /* UnboxContainer.swift in Sources */ = {isa = PBXBuildFile; fileRef = 524F1EC71E89C41C000AC6FE /* UnboxContainer.swift */; };
		524F1ECB1E89C41C000AC6FE /* UnboxContainer.swift in Sources */ = {isa = PBXBuildFile; fileRef = 524F1EC71E89C41C000AC6FE /* UnboxContainer.swift */; };
		524F1ECD1E89C466000AC6FE /* UnboxArrayContainer.swift in Sources */ = {isa = PBXBuildFile; fileRef = 524F1ECC1E89C466000AC6FE /* UnboxArrayContainer.swift */; };
		524F1ECE1E89C466000AC6FE /* UnboxArrayContainer.swift in Sources */ = {isa = PBXBuildFile; fileRef = 524F1ECC1E89C466000AC6FE /* UnboxArrayContainer.swift */; };
		524F1ECF1E89C466000AC6FE /* UnboxArrayContainer.swift in Sources */ = {isa = PBXBuildFile; fileRef = 524F1ECC1E89C466000AC6FE /* UnboxArrayContainer.swift */; };
		524F1ED01E89C466000AC6FE /* UnboxArrayContainer.swift in Sources */ = {isa = PBXBuildFile; fileRef = 524F1ECC1E89C466000AC6FE /* UnboxArrayContainer.swift */; };
		52D6D9871BEFF229002C0205 /* Unbox.framework in Frameworks */ = {isa = PBXBuildFile; fileRef = 52D6D97C1BEFF229002C0205 /* Unbox.framework */; };
		DD7502881C68FEDE006590AF /* Unbox.framework in Frameworks */ = {isa = PBXBuildFile; fileRef = 52D6DA0F1BF000BD002C0205 /* Unbox.framework */; };
		DD7502921C690C7A006590AF /* Unbox.framework in Frameworks */ = {isa = PBXBuildFile; fileRef = 52D6D9F01BEFFFBE002C0205 /* Unbox.framework */; };
/* End PBXBuildFile section */

/* Begin PBXContainerItemProxy section */
		52D6D9881BEFF229002C0205 /* PBXContainerItemProxy */ = {
			isa = PBXContainerItemProxy;
			containerPortal = 52D6D9731BEFF229002C0205 /* Project object */;
			proxyType = 1;
			remoteGlobalIDString = 52D6D97B1BEFF229002C0205;
			remoteInfo = Unbox;
		};
		DD7502801C68FCFC006590AF /* PBXContainerItemProxy */ = {
			isa = PBXContainerItemProxy;
			containerPortal = 52D6D9731BEFF229002C0205 /* Project object */;
			proxyType = 1;
			remoteGlobalIDString = 52D6DA0E1BF000BD002C0205;
			remoteInfo = "Unbox-OSX";
		};
		DD7502931C690C7A006590AF /* PBXContainerItemProxy */ = {
			isa = PBXContainerItemProxy;
			containerPortal = 52D6D9731BEFF229002C0205 /* Project object */;
			proxyType = 1;
			remoteGlobalIDString = 52D6D9EF1BEFFFBE002C0205;
			remoteInfo = "Unbox-tvOS";
		};
/* End PBXContainerItemProxy section */

/* Begin PBXFileReference section */
		524F1DF61E89AFE0000AC6FE /* Unbox.swift */ = {isa = PBXFileReference; fileEncoding = 4; lastKnownFileType = sourcecode.swift; path = Unbox.swift; sourceTree = "<group>"; };
		524F1DFB1E89B02F000AC6FE /* UnboxTests.swift */ = {isa = PBXFileReference; fileEncoding = 4; lastKnownFileType = sourcecode.swift; path = UnboxTests.swift; sourceTree = "<group>"; };
		524F1DFF1E89B06E000AC6FE /* UnboxError.swift */ = {isa = PBXFileReference; fileEncoding = 4; lastKnownFileType = sourcecode.swift; path = UnboxError.swift; sourceTree = "<group>"; };
		524F1E041E89B0A3000AC6FE /* UnboxPathError.swift */ = {isa = PBXFileReference; fileEncoding = 4; lastKnownFileType = sourcecode.swift; path = UnboxPathError.swift; sourceTree = "<group>"; };
		524F1E091E89B117000AC6FE /* Unboxable.swift */ = {isa = PBXFileReference; fileEncoding = 4; lastKnownFileType = sourcecode.swift; path = Unboxable.swift; sourceTree = "<group>"; };
		524F1E0E1E89B168000AC6FE /* UnboxableWithContext.swift */ = {isa = PBXFileReference; fileEncoding = 4; lastKnownFileType = sourcecode.swift; path = UnboxableWithContext.swift; sourceTree = "<group>"; };
		524F1E131E89B276000AC6FE /* UnboxCompatible.swift */ = {isa = PBXFileReference; fileEncoding = 4; lastKnownFileType = sourcecode.swift; path = UnboxCompatible.swift; sourceTree = "<group>"; };
		524F1E181E89B2A9000AC6FE /* UnboxableRawType.swift */ = {isa = PBXFileReference; fileEncoding = 4; lastKnownFileType = sourcecode.swift; path = UnboxableRawType.swift; sourceTree = "<group>"; };
		524F1E1D1E89B345000AC6FE /* UnboxableCollection.swift */ = {isa = PBXFileReference; fileEncoding = 4; lastKnownFileType = sourcecode.swift; path = UnboxableCollection.swift; sourceTree = "<group>"; };
		524F1E221E89B381000AC6FE /* UnboxCollectionElementTransformer.swift */ = {isa = PBXFileReference; fileEncoding = 4; lastKnownFileType = sourcecode.swift; path = UnboxCollectionElementTransformer.swift; sourceTree = "<group>"; };
		524F1E271E89B3BC000AC6FE /* UnboxableEnum.swift */ = {isa = PBXFileReference; fileEncoding = 4; lastKnownFileType = sourcecode.swift; path = UnboxableEnum.swift; sourceTree = "<group>"; };
		524F1E2C1E89B3E3000AC6FE /* UnboxableKey.swift */ = {isa = PBXFileReference; fileEncoding = 4; lastKnownFileType = sourcecode.swift; path = UnboxableKey.swift; sourceTree = "<group>"; };
		524F1E311E89B409000AC6FE /* UnboxableByTransform.swift */ = {isa = PBXFileReference; fileEncoding = 4; lastKnownFileType = sourcecode.swift; path = UnboxableByTransform.swift; sourceTree = "<group>"; };
		524F1E361E89B42D000AC6FE /* UnboxFormatter.swift */ = {isa = PBXFileReference; fileEncoding = 4; lastKnownFileType = sourcecode.swift; path = UnboxFormatter.swift; sourceTree = "<group>"; };
		524F1E3B1E89B884000AC6FE /* Optional+Unbox.swift */ = {isa = PBXFileReference; fileEncoding = 4; lastKnownFileType = sourcecode.swift; path = "Optional+Unbox.swift"; sourceTree = "<group>"; };
		524F1E401E89B967000AC6FE /* Bool+Unbox.swift */ = {isa = PBXFileReference; fileEncoding = 4; lastKnownFileType = sourcecode.swift; path = "Bool+Unbox.swift"; sourceTree = "<group>"; };
		524F1E451E89B9A1000AC6FE /* Int+Unbox.swift */ = {isa = PBXFileReference; fileEncoding = 4; lastKnownFileType = sourcecode.swift; path = "Int+Unbox.swift"; sourceTree = "<group>"; };
		524F1E4A1E89B9F7000AC6FE /* UInt+Unbox.swift */ = {isa = PBXFileReference; fileEncoding = 4; lastKnownFileType = sourcecode.swift; path = "UInt+Unbox.swift"; sourceTree = "<group>"; };
		524F1E4F1E89BA26000AC6FE /* Int32+Unbox.swift */ = {isa = PBXFileReference; fileEncoding = 4; lastKnownFileType = sourcecode.swift; path = "Int32+Unbox.swift"; sourceTree = "<group>"; };
		524F1E541E89BA3A000AC6FE /* Int64+Unbox.swift */ = {isa = PBXFileReference; fileEncoding = 4; lastKnownFileType = sourcecode.swift; path = "Int64+Unbox.swift"; sourceTree = "<group>"; };
		524F1E591E89BA78000AC6FE /* UInt32+Unbox.swift */ = {isa = PBXFileReference; fileEncoding = 4; lastKnownFileType = sourcecode.swift; path = "UInt32+Unbox.swift"; sourceTree = "<group>"; };
		524F1E5E1E89BA9E000AC6FE /* UInt64+Unbox.swift */ = {isa = PBXFileReference; fileEncoding = 4; lastKnownFileType = sourcecode.swift; path = "UInt64+Unbox.swift"; sourceTree = "<group>"; };
		524F1E631E89BABD000AC6FE /* Double+Unbox.swift */ = {isa = PBXFileReference; fileEncoding = 4; lastKnownFileType = sourcecode.swift; path = "Double+Unbox.swift"; sourceTree = "<group>"; };
		524F1E681E89BAE7000AC6FE /* Float+Unbox.swift */ = {isa = PBXFileReference; fileEncoding = 4; lastKnownFileType = sourcecode.swift; path = "Float+Unbox.swift"; sourceTree = "<group>"; };
		524F1E6D1E89BB05000AC6FE /* Decimal+Unbox.swift */ = {isa = PBXFileReference; fileEncoding = 4; lastKnownFileType = sourcecode.swift; path = "Decimal+Unbox.swift"; sourceTree = "<group>"; };
		524F1E721E89BB42000AC6FE /* Array+Unbox.swift */ = {isa = PBXFileReference; fileEncoding = 4; lastKnownFileType = sourcecode.swift; path = "Array+Unbox.swift"; sourceTree = "<group>"; };
		524F1E771E89BBC6000AC6FE /* Sequence+Unbox.swift */ = {isa = PBXFileReference; fileEncoding = 4; lastKnownFileType = sourcecode.swift; path = "Sequence+Unbox.swift"; sourceTree = "<group>"; };
		524F1E7C1E89BC47000AC6FE /* Set+Unbox.swift */ = {isa = PBXFileReference; fileEncoding = 4; lastKnownFileType = sourcecode.swift; path = "Set+Unbox.swift"; sourceTree = "<group>"; };
		524F1E811E89BC99000AC6FE /* Dictionary+Unbox.swift */ = {isa = PBXFileReference; fileEncoding = 4; lastKnownFileType = sourcecode.swift; path = "Dictionary+Unbox.swift"; sourceTree = "<group>"; };
		524F1E861E89BD1C000AC6FE /* CGFloat+Unbox.swift */ = {isa = PBXFileReference; fileEncoding = 4; lastKnownFileType = sourcecode.swift; path = "CGFloat+Unbox.swift"; sourceTree = "<group>"; };
		524F1E8B1E89BDB6000AC6FE /* String+Unbox.swift */ = {isa = PBXFileReference; fileEncoding = 4; lastKnownFileType = sourcecode.swift; path = "String+Unbox.swift"; sourceTree = "<group>"; };
		524F1E901E89BDFC000AC6FE /* URL+Unbox.swift */ = {isa = PBXFileReference; fileEncoding = 4; lastKnownFileType = sourcecode.swift; path = "URL+Unbox.swift"; sourceTree = "<group>"; };
		524F1E951E89BE31000AC6FE /* DateFormatter+Unbox.swift */ = {isa = PBXFileReference; fileEncoding = 4; lastKnownFileType = sourcecode.swift; path = "DateFormatter+Unbox.swift"; sourceTree = "<group>"; };
		524F1E9A1E89BE5D000AC6FE /* Unboxer.swift */ = {isa = PBXFileReference; fileEncoding = 4; lastKnownFileType = sourcecode.swift; path = Unboxer.swift; sourceTree = "<group>"; };
		524F1E9F1E89BF6C000AC6FE /* UnboxPathNode.swift */ = {isa = PBXFileReference; fileEncoding = 4; lastKnownFileType = sourcecode.swift; path = UnboxPathNode.swift; sourceTree = "<group>"; };
		524F1EA41E89BFD4000AC6FE /* NSDictionary+Unbox.swift */ = {isa = PBXFileReference; fileEncoding = 4; lastKnownFileType = sourcecode.swift; path = "NSDictionary+Unbox.swift"; sourceTree = "<group>"; };
		524F1EA91E89C01B000AC6FE /* NSArray+Unbox.swift */ = {isa = PBXFileReference; fileEncoding = 4; lastKnownFileType = sourcecode.swift; path = "NSArray+Unbox.swift"; sourceTree = "<group>"; };
		524F1EAE1E89C0BF000AC6FE /* UnboxPath.swift */ = {isa = PBXFileReference; fileEncoding = 4; lastKnownFileType = sourcecode.swift; path = UnboxPath.swift; sourceTree = "<group>"; };
		524F1EB31E89C0E8000AC6FE /* Typealiases.swift */ = {isa = PBXFileReference; fileEncoding = 4; lastKnownFileType = sourcecode.swift; path = Typealiases.swift; sourceTree = "<group>"; };
		524F1EB81E89C16B000AC6FE /* JSONSerialization+Unbox.swift */ = {isa = PBXFileReference; fileEncoding = 4; lastKnownFileType = sourcecode.swift; path = "JSONSerialization+Unbox.swift"; sourceTree = "<group>"; };
		524F1EBD1E89C1C6000AC6FE /* Data+Unbox.swift */ = {isa = PBXFileReference; fileEncoding = 4; lastKnownFileType = sourcecode.swift; path = "Data+Unbox.swift"; sourceTree = "<group>"; };
		524F1EC71E89C41C000AC6FE /* UnboxContainer.swift */ = {isa = PBXFileReference; fileEncoding = 4; lastKnownFileType = sourcecode.swift; path = UnboxContainer.swift; sourceTree = "<group>"; };
		524F1ECC1E89C466000AC6FE /* UnboxArrayContainer.swift */ = {isa = PBXFileReference; fileEncoding = 4; lastKnownFileType = sourcecode.swift; path = UnboxArrayContainer.swift; sourceTree = "<group>"; };
		52D6D97C1BEFF229002C0205 /* Unbox.framework */ = {isa = PBXFileReference; explicitFileType = wrapper.framework; includeInIndex = 0; path = Unbox.framework; sourceTree = BUILT_PRODUCTS_DIR; };
		52D6D9861BEFF229002C0205 /* Unbox-iOS Tests.xctest */ = {isa = PBXFileReference; explicitFileType = wrapper.cfbundle; includeInIndex = 0; path = "Unbox-iOS Tests.xctest"; sourceTree = BUILT_PRODUCTS_DIR; };
		52D6D9E21BEFFF6E002C0205 /* Unbox.framework */ = {isa = PBXFileReference; explicitFileType = wrapper.framework; includeInIndex = 0; path = Unbox.framework; sourceTree = BUILT_PRODUCTS_DIR; };
		52D6D9F01BEFFFBE002C0205 /* Unbox.framework */ = {isa = PBXFileReference; explicitFileType = wrapper.framework; includeInIndex = 0; path = Unbox.framework; sourceTree = BUILT_PRODUCTS_DIR; };
		52D6DA0F1BF000BD002C0205 /* Unbox.framework */ = {isa = PBXFileReference; explicitFileType = wrapper.framework; includeInIndex = 0; path = Unbox.framework; sourceTree = BUILT_PRODUCTS_DIR; };
		AD2FAA261CD0B6D800659CF4 /* Unbox.plist */ = {isa = PBXFileReference; fileEncoding = 4; lastKnownFileType = text.plist.xml; path = Unbox.plist; sourceTree = "<group>"; };
		AD2FAA281CD0B6E100659CF4 /* UnboxTests.plist */ = {isa = PBXFileReference; fileEncoding = 4; lastKnownFileType = text.plist.xml; path = UnboxTests.plist; sourceTree = "<group>"; };
		DD75027A1C68FCFC006590AF /* Unbox-macOS Tests.xctest */ = {isa = PBXFileReference; explicitFileType = wrapper.cfbundle; includeInIndex = 0; path = "Unbox-macOS Tests.xctest"; sourceTree = BUILT_PRODUCTS_DIR; };
		DD75028D1C690C7A006590AF /* Unbox-tvOS Tests.xctest */ = {isa = PBXFileReference; explicitFileType = wrapper.cfbundle; includeInIndex = 0; path = "Unbox-tvOS Tests.xctest"; sourceTree = BUILT_PRODUCTS_DIR; };
/* End PBXFileReference section */

/* Begin PBXFrameworksBuildPhase section */
		52D6D9781BEFF229002C0205 /* Frameworks */ = {
			isa = PBXFrameworksBuildPhase;
			buildActionMask = 2147483647;
			files = (
			);
			runOnlyForDeploymentPostprocessing = 0;
		};
		52D6D9831BEFF229002C0205 /* Frameworks */ = {
			isa = PBXFrameworksBuildPhase;
			buildActionMask = 2147483647;
			files = (
				52D6D9871BEFF229002C0205 /* Unbox.framework in Frameworks */,
			);
			runOnlyForDeploymentPostprocessing = 0;
		};
		52D6D9DE1BEFFF6E002C0205 /* Frameworks */ = {
			isa = PBXFrameworksBuildPhase;
			buildActionMask = 2147483647;
			files = (
			);
			runOnlyForDeploymentPostprocessing = 0;
		};
		52D6D9EC1BEFFFBE002C0205 /* Frameworks */ = {
			isa = PBXFrameworksBuildPhase;
			buildActionMask = 2147483647;
			files = (
			);
			runOnlyForDeploymentPostprocessing = 0;
		};
		52D6DA0B1BF000BD002C0205 /* Frameworks */ = {
			isa = PBXFrameworksBuildPhase;
			buildActionMask = 2147483647;
			files = (
			);
			runOnlyForDeploymentPostprocessing = 0;
		};
		DD7502771C68FCFC006590AF /* Frameworks */ = {
			isa = PBXFrameworksBuildPhase;
			buildActionMask = 2147483647;
			files = (
				DD7502881C68FEDE006590AF /* Unbox.framework in Frameworks */,
			);
			runOnlyForDeploymentPostprocessing = 0;
		};
		DD75028A1C690C7A006590AF /* Frameworks */ = {
			isa = PBXFrameworksBuildPhase;
			buildActionMask = 2147483647;
			files = (
				DD7502921C690C7A006590AF /* Unbox.framework in Frameworks */,
			);
			runOnlyForDeploymentPostprocessing = 0;
		};
/* End PBXFrameworksBuildPhase section */

/* Begin PBXGroup section */
		524F1DF41E89AFA9000AC6FE /* Sources */ = {
			isa = PBXGroup;
			children = (
				524F1E721E89BB42000AC6FE /* Array+Unbox.swift */,
				524F1E401E89B967000AC6FE /* Bool+Unbox.swift */,
				524F1E861E89BD1C000AC6FE /* CGFloat+Unbox.swift */,
				524F1EBD1E89C1C6000AC6FE /* Data+Unbox.swift */,
				524F1E951E89BE31000AC6FE /* DateFormatter+Unbox.swift */,
				524F1E6D1E89BB05000AC6FE /* Decimal+Unbox.swift */,
				524F1E811E89BC99000AC6FE /* Dictionary+Unbox.swift */,
				524F1E631E89BABD000AC6FE /* Double+Unbox.swift */,
				524F1E681E89BAE7000AC6FE /* Float+Unbox.swift */,
				524F1E451E89B9A1000AC6FE /* Int+Unbox.swift */,
				524F1E4F1E89BA26000AC6FE /* Int32+Unbox.swift */,
				524F1E541E89BA3A000AC6FE /* Int64+Unbox.swift */,
				524F1EB81E89C16B000AC6FE /* JSONSerialization+Unbox.swift */,
				524F1EA91E89C01B000AC6FE /* NSArray+Unbox.swift */,
				524F1EA41E89BFD4000AC6FE /* NSDictionary+Unbox.swift */,
				524F1E771E89BBC6000AC6FE /* Sequence+Unbox.swift */,
				524F1E7C1E89BC47000AC6FE /* Set+Unbox.swift */,
				524F1E8B1E89BDB6000AC6FE /* String+Unbox.swift */,
				524F1E4A1E89B9F7000AC6FE /* UInt+Unbox.swift */,
				524F1E591E89BA78000AC6FE /* UInt32+Unbox.swift */,
				524F1E5E1E89BA9E000AC6FE /* UInt64+Unbox.swift */,
				524F1E3B1E89B884000AC6FE /* Optional+Unbox.swift */,
				524F1EB31E89C0E8000AC6FE /* Typealiases.swift */,
				524F1DF61E89AFE0000AC6FE /* Unbox.swift */,
				524F1E091E89B117000AC6FE /* Unboxable.swift */,
				524F1E311E89B409000AC6FE /* UnboxableByTransform.swift */,
				524F1E1D1E89B345000AC6FE /* UnboxableCollection.swift */,
				524F1E271E89B3BC000AC6FE /* UnboxableEnum.swift */,
				524F1E2C1E89B3E3000AC6FE /* UnboxableKey.swift */,
				524F1E181E89B2A9000AC6FE /* UnboxableRawType.swift */,
				524F1E0E1E89B168000AC6FE /* UnboxableWithContext.swift */,
				524F1ECC1E89C466000AC6FE /* UnboxArrayContainer.swift */,
				524F1E221E89B381000AC6FE /* UnboxCollectionElementTransformer.swift */,
				524F1E131E89B276000AC6FE /* UnboxCompatible.swift */,
				524F1EC71E89C41C000AC6FE /* UnboxContainer.swift */,
				524F1E9A1E89BE5D000AC6FE /* Unboxer.swift */,
				524F1DFF1E89B06E000AC6FE /* UnboxError.swift */,
				524F1E361E89B42D000AC6FE /* UnboxFormatter.swift */,
				524F1EAE1E89C0BF000AC6FE /* UnboxPath.swift */,
				524F1E041E89B0A3000AC6FE /* UnboxPathError.swift */,
				524F1E9F1E89BF6C000AC6FE /* UnboxPathNode.swift */,
				524F1E901E89BDFC000AC6FE /* URL+Unbox.swift */,
			);
			path = Sources;
			sourceTree = "<group>";
		};
		524F1DF51E89AFB1000AC6FE /* Tests */ = {
			isa = PBXGroup;
			children = (
				524F1DFB1E89B02F000AC6FE /* UnboxTests.swift */,
			);
			name = Tests;
			path = Tests/UnboxTests;
			sourceTree = "<group>";
		};
		52D6D9721BEFF229002C0205 = {
			isa = PBXGroup;
			children = (
				524F1DF41E89AFA9000AC6FE /* Sources */,
				524F1DF51E89AFB1000AC6FE /* Tests */,
				52D6D99C1BEFF38C002C0205 /* Configs */,
				52D6D97D1BEFF229002C0205 /* Products */,
			);
			sourceTree = "<group>";
		};
		52D6D97D1BEFF229002C0205 /* Products */ = {
			isa = PBXGroup;
			children = (
				52D6D97C1BEFF229002C0205 /* Unbox.framework */,
				52D6D9861BEFF229002C0205 /* Unbox-iOS Tests.xctest */,
				52D6D9E21BEFFF6E002C0205 /* Unbox.framework */,
				52D6D9F01BEFFFBE002C0205 /* Unbox.framework */,
				52D6DA0F1BF000BD002C0205 /* Unbox.framework */,
				DD75027A1C68FCFC006590AF /* Unbox-macOS Tests.xctest */,
				DD75028D1C690C7A006590AF /* Unbox-tvOS Tests.xctest */,
			);
			name = Products;
			sourceTree = "<group>";
		};
		52D6D99C1BEFF38C002C0205 /* Configs */ = {
			isa = PBXGroup;
			children = (
				DD7502721C68FC1B006590AF /* Frameworks */,
				DD7502731C68FC20006590AF /* Tests */,
			);
			path = Configs;
			sourceTree = "<group>";
		};
		DD7502721C68FC1B006590AF /* Frameworks */ = {
			isa = PBXGroup;
			children = (
				AD2FAA261CD0B6D800659CF4 /* Unbox.plist */,
			);
			name = Frameworks;
			sourceTree = "<group>";
		};
		DD7502731C68FC20006590AF /* Tests */ = {
			isa = PBXGroup;
			children = (
				AD2FAA281CD0B6E100659CF4 /* UnboxTests.plist */,
			);
			name = Tests;
			sourceTree = "<group>";
		};
/* End PBXGroup section */

/* Begin PBXHeadersBuildPhase section */
		52D6D9791BEFF229002C0205 /* Headers */ = {
			isa = PBXHeadersBuildPhase;
			buildActionMask = 2147483647;
			files = (
			);
			runOnlyForDeploymentPostprocessing = 0;
		};
		52D6D9DF1BEFFF6E002C0205 /* Headers */ = {
			isa = PBXHeadersBuildPhase;
			buildActionMask = 2147483647;
			files = (
			);
			runOnlyForDeploymentPostprocessing = 0;
		};
		52D6D9ED1BEFFFBE002C0205 /* Headers */ = {
			isa = PBXHeadersBuildPhase;
			buildActionMask = 2147483647;
			files = (
			);
			runOnlyForDeploymentPostprocessing = 0;
		};
		52D6DA0C1BF000BD002C0205 /* Headers */ = {
			isa = PBXHeadersBuildPhase;
			buildActionMask = 2147483647;
			files = (
			);
			runOnlyForDeploymentPostprocessing = 0;
		};
/* End PBXHeadersBuildPhase section */

/* Begin PBXNativeTarget section */
		52D6D97B1BEFF229002C0205 /* Unbox-iOS */ = {
			isa = PBXNativeTarget;
			buildConfigurationList = 52D6D9901BEFF229002C0205 /* Build configuration list for PBXNativeTarget "Unbox-iOS" */;
			buildPhases = (
				52D6D9771BEFF229002C0205 /* Sources */,
				52D6D9781BEFF229002C0205 /* Frameworks */,
				52D6D9791BEFF229002C0205 /* Headers */,
				52D6D97A1BEFF229002C0205 /* Resources */,
			);
			buildRules = (
			);
			dependencies = (
			);
			name = "Unbox-iOS";
			productName = Unbox;
			productReference = 52D6D97C1BEFF229002C0205 /* Unbox.framework */;
			productType = "com.apple.product-type.framework";
		};
		52D6D9851BEFF229002C0205 /* Unbox-iOS Tests */ = {
			isa = PBXNativeTarget;
			buildConfigurationList = 52D6D9931BEFF229002C0205 /* Build configuration list for PBXNativeTarget "Unbox-iOS Tests" */;
			buildPhases = (
				52D6D9821BEFF229002C0205 /* Sources */,
				52D6D9831BEFF229002C0205 /* Frameworks */,
				52D6D9841BEFF229002C0205 /* Resources */,
			);
			buildRules = (
			);
			dependencies = (
				52D6D9891BEFF229002C0205 /* PBXTargetDependency */,
			);
			name = "Unbox-iOS Tests";
			productName = UnboxTests;
			productReference = 52D6D9861BEFF229002C0205 /* Unbox-iOS Tests.xctest */;
			productType = "com.apple.product-type.bundle.unit-test";
		};
		52D6D9E11BEFFF6E002C0205 /* Unbox-watchOS */ = {
			isa = PBXNativeTarget;
			buildConfigurationList = 52D6D9E71BEFFF6E002C0205 /* Build configuration list for PBXNativeTarget "Unbox-watchOS" */;
			buildPhases = (
				52D6D9DD1BEFFF6E002C0205 /* Sources */,
				52D6D9DE1BEFFF6E002C0205 /* Frameworks */,
				52D6D9DF1BEFFF6E002C0205 /* Headers */,
				52D6D9E01BEFFF6E002C0205 /* Resources */,
			);
			buildRules = (
			);
			dependencies = (
			);
			name = "Unbox-watchOS";
			productName = "Unbox-watchOS";
			productReference = 52D6D9E21BEFFF6E002C0205 /* Unbox.framework */;
			productType = "com.apple.product-type.framework";
		};
		52D6D9EF1BEFFFBE002C0205 /* Unbox-tvOS */ = {
			isa = PBXNativeTarget;
			buildConfigurationList = 52D6DA011BEFFFBE002C0205 /* Build configuration list for PBXNativeTarget "Unbox-tvOS" */;
			buildPhases = (
				52D6D9EB1BEFFFBE002C0205 /* Sources */,
				52D6D9EC1BEFFFBE002C0205 /* Frameworks */,
				52D6D9ED1BEFFFBE002C0205 /* Headers */,
				52D6D9EE1BEFFFBE002C0205 /* Resources */,
			);
			buildRules = (
			);
			dependencies = (
			);
			name = "Unbox-tvOS";
			productName = "Unbox-tvOS";
			productReference = 52D6D9F01BEFFFBE002C0205 /* Unbox.framework */;
			productType = "com.apple.product-type.framework";
		};
		52D6DA0E1BF000BD002C0205 /* Unbox-macOS */ = {
			isa = PBXNativeTarget;
			buildConfigurationList = 52D6DA201BF000BD002C0205 /* Build configuration list for PBXNativeTarget "Unbox-macOS" */;
			buildPhases = (
				52D6DA0A1BF000BD002C0205 /* Sources */,
				52D6DA0B1BF000BD002C0205 /* Frameworks */,
				52D6DA0C1BF000BD002C0205 /* Headers */,
				52D6DA0D1BF000BD002C0205 /* Resources */,
			);
			buildRules = (
			);
			dependencies = (
			);
			name = "Unbox-macOS";
			productName = "Unbox-OSX";
			productReference = 52D6DA0F1BF000BD002C0205 /* Unbox.framework */;
			productType = "com.apple.product-type.framework";
		};
		DD7502791C68FCFC006590AF /* Unbox-macOS Tests */ = {
			isa = PBXNativeTarget;
			buildConfigurationList = DD7502821C68FCFC006590AF /* Build configuration list for PBXNativeTarget "Unbox-macOS Tests" */;
			buildPhases = (
				DD7502761C68FCFC006590AF /* Sources */,
				DD7502771C68FCFC006590AF /* Frameworks */,
				DD7502781C68FCFC006590AF /* Resources */,
			);
			buildRules = (
			);
			dependencies = (
				DD7502811C68FCFC006590AF /* PBXTargetDependency */,
			);
			name = "Unbox-macOS Tests";
			productName = "Unbox-OS Tests";
			productReference = DD75027A1C68FCFC006590AF /* Unbox-macOS Tests.xctest */;
			productType = "com.apple.product-type.bundle.unit-test";
		};
		DD75028C1C690C7A006590AF /* Unbox-tvOS Tests */ = {
			isa = PBXNativeTarget;
			buildConfigurationList = DD7502951C690C7A006590AF /* Build configuration list for PBXNativeTarget "Unbox-tvOS Tests" */;
			buildPhases = (
				DD7502891C690C7A006590AF /* Sources */,
				DD75028A1C690C7A006590AF /* Frameworks */,
				DD75028B1C690C7A006590AF /* Resources */,
			);
			buildRules = (
			);
			dependencies = (
				DD7502941C690C7A006590AF /* PBXTargetDependency */,
			);
			name = "Unbox-tvOS Tests";
			productName = "Unbox-tvOS Tests";
			productReference = DD75028D1C690C7A006590AF /* Unbox-tvOS Tests.xctest */;
			productType = "com.apple.product-type.bundle.unit-test";
		};
/* End PBXNativeTarget section */

/* Begin PBXProject section */
		52D6D9731BEFF229002C0205 /* Project object */ = {
			isa = PBXProject;
			attributes = {
				LastSwiftUpdateCheck = 0720;
				LastUpgradeCheck = 0810;
				ORGANIZATIONNAME = "John Sundell";
				TargetAttributes = {
					52D6D97B1BEFF229002C0205 = {
						CreatedOnToolsVersion = 7.1;
						LastSwiftMigration = 0830;
					};
					52D6D9851BEFF229002C0205 = {
						CreatedOnToolsVersion = 7.1;
						LastSwiftMigration = 0830;
					};
					52D6D9E11BEFFF6E002C0205 = {
						CreatedOnToolsVersion = 7.1;
						LastSwiftMigration = 0830;
					};
					52D6D9EF1BEFFFBE002C0205 = {
						CreatedOnToolsVersion = 7.1;
						LastSwiftMigration = 0830;
					};
					52D6DA0E1BF000BD002C0205 = {
						CreatedOnToolsVersion = 7.1;
						LastSwiftMigration = 0830;
					};
					DD7502791C68FCFC006590AF = {
						CreatedOnToolsVersion = 7.2.1;
						LastSwiftMigration = 0830;
					};
					DD75028C1C690C7A006590AF = {
						CreatedOnToolsVersion = 7.2.1;
						LastSwiftMigration = 0830;
					};
				};
			};
			buildConfigurationList = 52D6D9761BEFF229002C0205 /* Build configuration list for PBXProject "Unbox" */;
			compatibilityVersion = "Xcode 6.3";
			developmentRegion = English;
			hasScannedForEncodings = 0;
			knownRegions = (
				en,
			);
			mainGroup = 52D6D9721BEFF229002C0205;
			productRefGroup = 52D6D97D1BEFF229002C0205 /* Products */;
			projectDirPath = "";
			projectRoot = "";
			targets = (
				52D6D97B1BEFF229002C0205 /* Unbox-iOS */,
				52D6DA0E1BF000BD002C0205 /* Unbox-macOS */,
				52D6D9E11BEFFF6E002C0205 /* Unbox-watchOS */,
				52D6D9EF1BEFFFBE002C0205 /* Unbox-tvOS */,
				52D6D9851BEFF229002C0205 /* Unbox-iOS Tests */,
				DD7502791C68FCFC006590AF /* Unbox-macOS Tests */,
				DD75028C1C690C7A006590AF /* Unbox-tvOS Tests */,
			);
		};
/* End PBXProject section */

/* Begin PBXResourcesBuildPhase section */
		52D6D97A1BEFF229002C0205 /* Resources */ = {
			isa = PBXResourcesBuildPhase;
			buildActionMask = 2147483647;
			files = (
			);
			runOnlyForDeploymentPostprocessing = 0;
		};
		52D6D9841BEFF229002C0205 /* Resources */ = {
			isa = PBXResourcesBuildPhase;
			buildActionMask = 2147483647;
			files = (
			);
			runOnlyForDeploymentPostprocessing = 0;
		};
		52D6D9E01BEFFF6E002C0205 /* Resources */ = {
			isa = PBXResourcesBuildPhase;
			buildActionMask = 2147483647;
			files = (
			);
			runOnlyForDeploymentPostprocessing = 0;
		};
		52D6D9EE1BEFFFBE002C0205 /* Resources */ = {
			isa = PBXResourcesBuildPhase;
			buildActionMask = 2147483647;
			files = (
			);
			runOnlyForDeploymentPostprocessing = 0;
		};
		52D6DA0D1BF000BD002C0205 /* Resources */ = {
			isa = PBXResourcesBuildPhase;
			buildActionMask = 2147483647;
			files = (
			);
			runOnlyForDeploymentPostprocessing = 0;
		};
		DD7502781C68FCFC006590AF /* Resources */ = {
			isa = PBXResourcesBuildPhase;
			buildActionMask = 2147483647;
			files = (
			);
			runOnlyForDeploymentPostprocessing = 0;
		};
		DD75028B1C690C7A006590AF /* Resources */ = {
			isa = PBXResourcesBuildPhase;
			buildActionMask = 2147483647;
			files = (
			);
			runOnlyForDeploymentPostprocessing = 0;
		};
/* End PBXResourcesBuildPhase section */

/* Begin PBXSourcesBuildPhase section */
		52D6D9771BEFF229002C0205 /* Sources */ = {
			isa = PBXSourcesBuildPhase;
			buildActionMask = 2147483647;
			files = (
				524F1E961E89BE31000AC6FE /* DateFormatter+Unbox.swift in Sources */,
				524F1E871E89BD1C000AC6FE /* CGFloat+Unbox.swift in Sources */,
				524F1E321E89B409000AC6FE /* UnboxableByTransform.swift in Sources */,
				524F1E5A1E89BA78000AC6FE /* UInt32+Unbox.swift in Sources */,
				524F1EC81E89C41C000AC6FE /* UnboxContainer.swift in Sources */,
				524F1E821E89BC99000AC6FE /* Dictionary+Unbox.swift in Sources */,
				524F1E1E1E89B345000AC6FE /* UnboxableCollection.swift in Sources */,
				524F1E911E89BDFC000AC6FE /* URL+Unbox.swift in Sources */,
				524F1E691E89BAE7000AC6FE /* Float+Unbox.swift in Sources */,
				524F1E3C1E89B884000AC6FE /* Optional+Unbox.swift in Sources */,
				524F1E191E89B2A9000AC6FE /* UnboxableRawType.swift in Sources */,
				524F1E0F1E89B168000AC6FE /* UnboxableWithContext.swift in Sources */,
				524F1E231E89B381000AC6FE /* UnboxCollectionElementTransformer.swift in Sources */,
				524F1E051E89B0A3000AC6FE /* UnboxPathError.swift in Sources */,
				524F1E7D1E89BC47000AC6FE /* Set+Unbox.swift in Sources */,
				524F1E4B1E89B9F7000AC6FE /* UInt+Unbox.swift in Sources */,
				524F1EA01E89BF6C000AC6FE /* UnboxPathNode.swift in Sources */,
				524F1E141E89B276000AC6FE /* UnboxCompatible.swift in Sources */,
				524F1E9B1E89BE5D000AC6FE /* Unboxer.swift in Sources */,
				524F1DF71E89AFE0000AC6FE /* Unbox.swift in Sources */,
				524F1EB41E89C0E8000AC6FE /* Typealiases.swift in Sources */,
				524F1E6E1E89BB05000AC6FE /* Decimal+Unbox.swift in Sources */,
				524F1EAF1E89C0BF000AC6FE /* UnboxPath.swift in Sources */,
				524F1E411E89B967000AC6FE /* Bool+Unbox.swift in Sources */,
				524F1E281E89B3BC000AC6FE /* UnboxableEnum.swift in Sources */,
				524F1EA51E89BFD4000AC6FE /* NSDictionary+Unbox.swift in Sources */,
				524F1E781E89BBC6000AC6FE /* Sequence+Unbox.swift in Sources */,
				524F1E641E89BABD000AC6FE /* Double+Unbox.swift in Sources */,
				524F1E5F1E89BA9E000AC6FE /* UInt64+Unbox.swift in Sources */,
				524F1EBE1E89C1C6000AC6FE /* Data+Unbox.swift in Sources */,
				524F1E371E89B42E000AC6FE /* UnboxFormatter.swift in Sources */,
				524F1E501E89BA26000AC6FE /* Int32+Unbox.swift in Sources */,
				524F1ECD1E89C466000AC6FE /* UnboxArrayContainer.swift in Sources */,
				524F1EB91E89C16B000AC6FE /* JSONSerialization+Unbox.swift in Sources */,
				524F1EAA1E89C01B000AC6FE /* NSArray+Unbox.swift in Sources */,
				524F1E461E89B9A1000AC6FE /* Int+Unbox.swift in Sources */,
				524F1E2D1E89B3E3000AC6FE /* UnboxableKey.swift in Sources */,
				524F1E0A1E89B117000AC6FE /* Unboxable.swift in Sources */,
				524F1E731E89BB42000AC6FE /* Array+Unbox.swift in Sources */,
				524F1E8C1E89BDB6000AC6FE /* String+Unbox.swift in Sources */,
				524F1E551E89BA3A000AC6FE /* Int64+Unbox.swift in Sources */,
				524F1E001E89B06E000AC6FE /* UnboxError.swift in Sources */,
			);
			runOnlyForDeploymentPostprocessing = 0;
		};
		52D6D9821BEFF229002C0205 /* Sources */ = {
			isa = PBXSourcesBuildPhase;
			buildActionMask = 2147483647;
			files = (
				524F1DFC1E89B02F000AC6FE /* UnboxTests.swift in Sources */,
			);
			runOnlyForDeploymentPostprocessing = 0;
		};
		52D6D9DD1BEFFF6E002C0205 /* Sources */ = {
			isa = PBXSourcesBuildPhase;
			buildActionMask = 2147483647;
			files = (
				524F1E981E89BE31000AC6FE /* DateFormatter+Unbox.swift in Sources */,
				524F1E891E89BD1C000AC6FE /* CGFloat+Unbox.swift in Sources */,
				524F1E341E89B409000AC6FE /* UnboxableByTransform.swift in Sources */,
				524F1E5C1E89BA78000AC6FE /* UInt32+Unbox.swift in Sources */,
				524F1ECA1E89C41C000AC6FE /* UnboxContainer.swift in Sources */,
				524F1E841E89BC99000AC6FE /* Dictionary+Unbox.swift in Sources */,
				524F1E201E89B345000AC6FE /* UnboxableCollection.swift in Sources */,
				524F1E931E89BDFC000AC6FE /* URL+Unbox.swift in Sources */,
				524F1E6B1E89BAE7000AC6FE /* Float+Unbox.swift in Sources */,
				524F1E3E1E89B884000AC6FE /* Optional+Unbox.swift in Sources */,
				524F1E1B1E89B2A9000AC6FE /* UnboxableRawType.swift in Sources */,
				524F1E111E89B168000AC6FE /* UnboxableWithContext.swift in Sources */,
				524F1E251E89B381000AC6FE /* UnboxCollectionElementTransformer.swift in Sources */,
				524F1E071E89B0A3000AC6FE /* UnboxPathError.swift in Sources */,
				524F1E7F1E89BC47000AC6FE /* Set+Unbox.swift in Sources */,
				524F1E4D1E89B9F7000AC6FE /* UInt+Unbox.swift in Sources */,
				524F1EA21E89BF6C000AC6FE /* UnboxPathNode.swift in Sources */,
				524F1E161E89B276000AC6FE /* UnboxCompatible.swift in Sources */,
				524F1E9D1E89BE5D000AC6FE /* Unboxer.swift in Sources */,
				524F1DF91E89AFE0000AC6FE /* Unbox.swift in Sources */,
				524F1EB61E89C0E8000AC6FE /* Typealiases.swift in Sources */,
				524F1E701E89BB05000AC6FE /* Decimal+Unbox.swift in Sources */,
				524F1EB11E89C0BF000AC6FE /* UnboxPath.swift in Sources */,
				524F1E431E89B967000AC6FE /* Bool+Unbox.swift in Sources */,
				524F1E2A1E89B3BC000AC6FE /* UnboxableEnum.swift in Sources */,
				524F1EA71E89BFD4000AC6FE /* NSDictionary+Unbox.swift in Sources */,
				524F1E7A1E89BBC6000AC6FE /* Sequence+Unbox.swift in Sources */,
				524F1E661E89BABD000AC6FE /* Double+Unbox.swift in Sources */,
				524F1E611E89BA9E000AC6FE /* UInt64+Unbox.swift in Sources */,
				524F1EC01E89C1C6000AC6FE /* Data+Unbox.swift in Sources */,
				524F1E391E89B42E000AC6FE /* UnboxFormatter.swift in Sources */,
				524F1E521E89BA26000AC6FE /* Int32+Unbox.swift in Sources */,
				524F1ECF1E89C466000AC6FE /* UnboxArrayContainer.swift in Sources */,
				524F1EBB1E89C16B000AC6FE /* JSONSerialization+Unbox.swift in Sources */,
				524F1EAC1E89C01B000AC6FE /* NSArray+Unbox.swift in Sources */,
				524F1E481E89B9A1000AC6FE /* Int+Unbox.swift in Sources */,
				524F1E2F1E89B3E3000AC6FE /* UnboxableKey.swift in Sources */,
				524F1E0C1E89B117000AC6FE /* Unboxable.swift in Sources */,
				524F1E751E89BB42000AC6FE /* Array+Unbox.swift in Sources */,
				524F1E8E1E89BDB6000AC6FE /* String+Unbox.swift in Sources */,
				524F1E571E89BA3A000AC6FE /* Int64+Unbox.swift in Sources */,
				524F1E021E89B06E000AC6FE /* UnboxError.swift in Sources */,
			);
			runOnlyForDeploymentPostprocessing = 0;
		};
		52D6D9EB1BEFFFBE002C0205 /* Sources */ = {
			isa = PBXSourcesBuildPhase;
			buildActionMask = 2147483647;
			files = (
				524F1E991E89BE31000AC6FE /* DateFormatter+Unbox.swift in Sources */,
				524F1E8A1E89BD1C000AC6FE /* CGFloat+Unbox.swift in Sources */,
				524F1E351E89B409000AC6FE /* UnboxableByTransform.swift in Sources */,
				524F1E5D1E89BA78000AC6FE /* UInt32+Unbox.swift in Sources */,
				524F1ECB1E89C41C000AC6FE /* UnboxContainer.swift in Sources */,
				524F1E851E89BC99000AC6FE /* Dictionary+Unbox.swift in Sources */,
				524F1E211E89B345000AC6FE /* UnboxableCollection.swift in Sources */,
				524F1E941E89BDFC000AC6FE /* URL+Unbox.swift in Sources */,
				524F1E6C1E89BAE7000AC6FE /* Float+Unbox.swift in Sources */,
				524F1E3F1E89B884000AC6FE /* Optional+Unbox.swift in Sources */,
				524F1E1C1E89B2A9000AC6FE /* UnboxableRawType.swift in Sources */,
				524F1E121E89B168000AC6FE /* UnboxableWithContext.swift in Sources */,
				524F1E261E89B381000AC6FE /* UnboxCollectionElementTransformer.swift in Sources */,
				524F1E081E89B0A3000AC6FE /* UnboxPathError.swift in Sources */,
				524F1E801E89BC47000AC6FE /* Set+Unbox.swift in Sources */,
				524F1E4E1E89B9F7000AC6FE /* UInt+Unbox.swift in Sources */,
				524F1EA31E89BF6C000AC6FE /* UnboxPathNode.swift in Sources */,
				524F1E171E89B276000AC6FE /* UnboxCompatible.swift in Sources */,
				524F1E9E1E89BE5D000AC6FE /* Unboxer.swift in Sources */,
				524F1DFA1E89AFE0000AC6FE /* Unbox.swift in Sources */,
				524F1EB71E89C0E8000AC6FE /* Typealiases.swift in Sources */,
				524F1E711E89BB05000AC6FE /* Decimal+Unbox.swift in Sources */,
				524F1EB21E89C0BF000AC6FE /* UnboxPath.swift in Sources */,
				524F1E441E89B967000AC6FE /* Bool+Unbox.swift in Sources */,
				524F1E2B1E89B3BC000AC6FE /* UnboxableEnum.swift in Sources */,
				524F1EA81E89BFD4000AC6FE /* NSDictionary+Unbox.swift in Sources */,
				524F1E7B1E89BBC6000AC6FE /* Sequence+Unbox.swift in Sources */,
				524F1E671E89BABD000AC6FE /* Double+Unbox.swift in Sources */,
				524F1E621E89BA9E000AC6FE /* UInt64+Unbox.swift in Sources */,
				524F1EC11E89C1C6000AC6FE /* Data+Unbox.swift in Sources */,
				524F1E3A1E89B42E000AC6FE /* UnboxFormatter.swift in Sources */,
				524F1E531E89BA26000AC6FE /* Int32+Unbox.swift in Sources */,
				524F1ED01E89C466000AC6FE /* UnboxArrayContainer.swift in Sources */,
				524F1EBC1E89C16B000AC6FE /* JSONSerialization+Unbox.swift in Sources */,
				524F1EAD1E89C01B000AC6FE /* NSArray+Unbox.swift in Sources */,
				524F1E491E89B9A1000AC6FE /* Int+Unbox.swift in Sources */,
				524F1E301E89B3E3000AC6FE /* UnboxableKey.swift in Sources */,
				524F1E0D1E89B117000AC6FE /* Unboxable.swift in Sources */,
				524F1E761E89BB42000AC6FE /* Array+Unbox.swift in Sources */,
				524F1E8F1E89BDB6000AC6FE /* String+Unbox.swift in Sources */,
				524F1E581E89BA3A000AC6FE /* Int64+Unbox.swift in Sources */,
				524F1E031E89B06E000AC6FE /* UnboxError.swift in Sources */,
			);
			runOnlyForDeploymentPostprocessing = 0;
		};
		52D6DA0A1BF000BD002C0205 /* Sources */ = {
			isa = PBXSourcesBuildPhase;
			buildActionMask = 2147483647;
			files = (
				524F1E971E89BE31000AC6FE /* DateFormatter+Unbox.swift in Sources */,
				524F1E881E89BD1C000AC6FE /* CGFloat+Unbox.swift in Sources */,
				524F1E331E89B409000AC6FE /* UnboxableByTransform.swift in Sources */,
				524F1E5B1E89BA78000AC6FE /* UInt32+Unbox.swift in Sources */,
				524F1EC91E89C41C000AC6FE /* UnboxContainer.swift in Sources */,
				524F1E831E89BC99000AC6FE /* Dictionary+Unbox.swift in Sources */,
				524F1E1F1E89B345000AC6FE /* UnboxableCollection.swift in Sources */,
				524F1E921E89BDFC000AC6FE /* URL+Unbox.swift in Sources */,
				524F1E6A1E89BAE7000AC6FE /* Float+Unbox.swift in Sources */,
				524F1E3D1E89B884000AC6FE /* Optional+Unbox.swift in Sources */,
				524F1E1A1E89B2A9000AC6FE /* UnboxableRawType.swift in Sources */,
				524F1E101E89B168000AC6FE /* UnboxableWithContext.swift in Sources */,
				524F1E241E89B381000AC6FE /* UnboxCollectionElementTransformer.swift in Sources */,
				524F1E061E89B0A3000AC6FE /* UnboxPathError.swift in Sources */,
				524F1E7E1E89BC47000AC6FE /* Set+Unbox.swift in Sources */,
				524F1E4C1E89B9F7000AC6FE /* UInt+Unbox.swift in Sources */,
				524F1EA11E89BF6C000AC6FE /* UnboxPathNode.swift in Sources */,
				524F1E151E89B276000AC6FE /* UnboxCompatible.swift in Sources */,
				524F1E9C1E89BE5D000AC6FE /* Unboxer.swift in Sources */,
				524F1DF81E89AFE0000AC6FE /* Unbox.swift in Sources */,
				524F1EB51E89C0E8000AC6FE /* Typealiases.swift in Sources */,
				524F1E6F1E89BB05000AC6FE /* Decimal+Unbox.swift in Sources */,
				524F1EB01E89C0BF000AC6FE /* UnboxPath.swift in Sources */,
				524F1E421E89B967000AC6FE /* Bool+Unbox.swift in Sources */,
				524F1E291E89B3BC000AC6FE /* UnboxableEnum.swift in Sources */,
				524F1EA61E89BFD4000AC6FE /* NSDictionary+Unbox.swift in Sources */,
				524F1E791E89BBC6000AC6FE /* Sequence+Unbox.swift in Sources */,
				524F1E651E89BABD000AC6FE /* Double+Unbox.swift in Sources */,
				524F1E601E89BA9E000AC6FE /* UInt64+Unbox.swift in Sources */,
				524F1EBF1E89C1C6000AC6FE /* Data+Unbox.swift in Sources */,
				524F1E381E89B42E000AC6FE /* UnboxFormatter.swift in Sources */,
				524F1E511E89BA26000AC6FE /* Int32+Unbox.swift in Sources */,
				524F1ECE1E89C466000AC6FE /* UnboxArrayContainer.swift in Sources */,
				524F1EBA1E89C16B000AC6FE /* JSONSerialization+Unbox.swift in Sources */,
				524F1EAB1E89C01B000AC6FE /* NSArray+Unbox.swift in Sources */,
				524F1E471E89B9A1000AC6FE /* Int+Unbox.swift in Sources */,
				524F1E2E1E89B3E3000AC6FE /* UnboxableKey.swift in Sources */,
				524F1E0B1E89B117000AC6FE /* Unboxable.swift in Sources */,
				524F1E741E89BB42000AC6FE /* Array+Unbox.swift in Sources */,
				524F1E8D1E89BDB6000AC6FE /* String+Unbox.swift in Sources */,
				524F1E561E89BA3A000AC6FE /* Int64+Unbox.swift in Sources */,
				524F1E011E89B06E000AC6FE /* UnboxError.swift in Sources */,
			);
			runOnlyForDeploymentPostprocessing = 0;
		};
		DD7502761C68FCFC006590AF /* Sources */ = {
			isa = PBXSourcesBuildPhase;
			buildActionMask = 2147483647;
			files = (
				524F1DFD1E89B02F000AC6FE /* UnboxTests.swift in Sources */,
			);
			runOnlyForDeploymentPostprocessing = 0;
		};
		DD7502891C690C7A006590AF /* Sources */ = {
			isa = PBXSourcesBuildPhase;
			buildActionMask = 2147483647;
			files = (
				524F1DFE1E89B02F000AC6FE /* UnboxTests.swift in Sources */,
			);
			runOnlyForDeploymentPostprocessing = 0;
		};
/* End PBXSourcesBuildPhase section */

/* Begin PBXTargetDependency section */
		52D6D9891BEFF229002C0205 /* PBXTargetDependency */ = {
			isa = PBXTargetDependency;
			target = 52D6D97B1BEFF229002C0205 /* Unbox-iOS */;
			targetProxy = 52D6D9881BEFF229002C0205 /* PBXContainerItemProxy */;
		};
		DD7502811C68FCFC006590AF /* PBXTargetDependency */ = {
			isa = PBXTargetDependency;
			target = 52D6DA0E1BF000BD002C0205 /* Unbox-macOS */;
			targetProxy = DD7502801C68FCFC006590AF /* PBXContainerItemProxy */;
		};
		DD7502941C690C7A006590AF /* PBXTargetDependency */ = {
			isa = PBXTargetDependency;
			target = 52D6D9EF1BEFFFBE002C0205 /* Unbox-tvOS */;
			targetProxy = DD7502931C690C7A006590AF /* PBXContainerItemProxy */;
		};
/* End PBXTargetDependency section */

/* Begin XCBuildConfiguration section */
		52D6D98E1BEFF229002C0205 /* Debug */ = {
			isa = XCBuildConfiguration;
			buildSettings = {
				ALWAYS_SEARCH_USER_PATHS = NO;
				CLANG_CXX_LANGUAGE_STANDARD = "gnu++0x";
				CLANG_CXX_LIBRARY = "libc++";
				CLANG_ENABLE_MODULES = YES;
				CLANG_ENABLE_OBJC_ARC = YES;
				CLANG_WARN_BOOL_CONVERSION = YES;
				CLANG_WARN_CONSTANT_CONVERSION = YES;
				CLANG_WARN_DIRECT_OBJC_ISA_USAGE = YES_ERROR;
				CLANG_WARN_EMPTY_BODY = YES;
				CLANG_WARN_ENUM_CONVERSION = YES;
				CLANG_WARN_INFINITE_RECURSION = YES;
				CLANG_WARN_INT_CONVERSION = YES;
				CLANG_WARN_OBJC_ROOT_CLASS = YES_ERROR;
				CLANG_WARN_SUSPICIOUS_MOVE = YES;
				CLANG_WARN_UNREACHABLE_CODE = YES;
				CLANG_WARN__DUPLICATE_METHOD_MATCH = YES;
				"CODE_SIGN_IDENTITY[sdk=iphoneos*]" = "iPhone Developer";
				COPY_PHASE_STRIP = NO;
				CURRENT_PROJECT_VERSION = 1;
				DEBUG_INFORMATION_FORMAT = dwarf;
				ENABLE_STRICT_OBJC_MSGSEND = YES;
				ENABLE_TESTABILITY = YES;
				GCC_C_LANGUAGE_STANDARD = gnu99;
				GCC_DYNAMIC_NO_PIC = NO;
				GCC_NO_COMMON_BLOCKS = YES;
				GCC_OPTIMIZATION_LEVEL = 0;
				GCC_PREPROCESSOR_DEFINITIONS = (
					"DEBUG=1",
					"$(inherited)",
				);
				GCC_WARN_64_TO_32_BIT_CONVERSION = YES;
				GCC_WARN_ABOUT_RETURN_TYPE = YES_ERROR;
				GCC_WARN_UNDECLARED_SELECTOR = YES;
				GCC_WARN_UNINITIALIZED_AUTOS = YES_AGGRESSIVE;
				GCC_WARN_UNUSED_FUNCTION = YES;
				GCC_WARN_UNUSED_VARIABLE = YES;
				IPHONEOS_DEPLOYMENT_TARGET = 8.0;
				MTL_ENABLE_DEBUG_INFO = YES;
				ONLY_ACTIVE_ARCH = YES;
				SDKROOT = iphoneos;
				SWIFT_OPTIMIZATION_LEVEL = "-Onone";
				SWIFT_VERSION = 3.0;
				TARGETED_DEVICE_FAMILY = "1,2";
				VERSIONING_SYSTEM = "apple-generic";
				VERSION_INFO_PREFIX = "";
			};
			name = Debug;
		};
		52D6D98F1BEFF229002C0205 /* Release */ = {
			isa = XCBuildConfiguration;
			buildSettings = {
				ALWAYS_SEARCH_USER_PATHS = NO;
				CLANG_CXX_LANGUAGE_STANDARD = "gnu++0x";
				CLANG_CXX_LIBRARY = "libc++";
				CLANG_ENABLE_MODULES = YES;
				CLANG_ENABLE_OBJC_ARC = YES;
				CLANG_WARN_BOOL_CONVERSION = YES;
				CLANG_WARN_CONSTANT_CONVERSION = YES;
				CLANG_WARN_DIRECT_OBJC_ISA_USAGE = YES_ERROR;
				CLANG_WARN_EMPTY_BODY = YES;
				CLANG_WARN_ENUM_CONVERSION = YES;
				CLANG_WARN_INFINITE_RECURSION = YES;
				CLANG_WARN_INT_CONVERSION = YES;
				CLANG_WARN_OBJC_ROOT_CLASS = YES_ERROR;
				CLANG_WARN_SUSPICIOUS_MOVE = YES;
				CLANG_WARN_UNREACHABLE_CODE = YES;
				CLANG_WARN__DUPLICATE_METHOD_MATCH = YES;
				"CODE_SIGN_IDENTITY[sdk=iphoneos*]" = "iPhone Developer";
				COPY_PHASE_STRIP = NO;
				CURRENT_PROJECT_VERSION = 1;
				DEBUG_INFORMATION_FORMAT = "dwarf-with-dsym";
				ENABLE_NS_ASSERTIONS = NO;
				ENABLE_STRICT_OBJC_MSGSEND = YES;
				GCC_C_LANGUAGE_STANDARD = gnu99;
				GCC_NO_COMMON_BLOCKS = YES;
				GCC_WARN_64_TO_32_BIT_CONVERSION = YES;
				GCC_WARN_ABOUT_RETURN_TYPE = YES_ERROR;
				GCC_WARN_UNDECLARED_SELECTOR = YES;
				GCC_WARN_UNINITIALIZED_AUTOS = YES_AGGRESSIVE;
				GCC_WARN_UNUSED_FUNCTION = YES;
				GCC_WARN_UNUSED_VARIABLE = YES;
				IPHONEOS_DEPLOYMENT_TARGET = 8.0;
				MTL_ENABLE_DEBUG_INFO = NO;
				SDKROOT = iphoneos;
				SWIFT_VERSION = 3.0;
				TARGETED_DEVICE_FAMILY = "1,2";
				VALIDATE_PRODUCT = YES;
				VERSIONING_SYSTEM = "apple-generic";
				VERSION_INFO_PREFIX = "";
			};
			name = Release;
		};
		52D6D9911BEFF229002C0205 /* Debug */ = {
			isa = XCBuildConfiguration;
			buildSettings = {
				APPLICATION_EXTENSION_API_ONLY = YES;
				CLANG_ENABLE_MODULES = YES;
				"CODE_SIGN_IDENTITY[sdk=iphoneos*]" = "";
				DEFINES_MODULE = YES;
				DYLIB_COMPATIBILITY_VERSION = 1;
				DYLIB_CURRENT_VERSION = 1;
				DYLIB_INSTALL_NAME_BASE = "@rpath";
				INFOPLIST_FILE = Configs/Unbox.plist;
				INSTALL_PATH = "$(LOCAL_LIBRARY_DIR)/Frameworks";
				IPHONEOS_DEPLOYMENT_TARGET = 8.0;
				LD_RUNPATH_SEARCH_PATHS = "$(inherited) @executable_path/Frameworks @loader_path/Frameworks";
				ONLY_ACTIVE_ARCH = NO;
				PRODUCT_BUNDLE_IDENTIFIER = "com.unbox.Unbox-iOS";
				PRODUCT_NAME = Unbox;
				SKIP_INSTALL = YES;
				SWIFT_OPTIMIZATION_LEVEL = "-Onone";
				SWIFT_VERSION = 3.0;
			};
			name = Debug;
		};
		52D6D9921BEFF229002C0205 /* Release */ = {
			isa = XCBuildConfiguration;
			buildSettings = {
				APPLICATION_EXTENSION_API_ONLY = YES;
				CLANG_ENABLE_MODULES = YES;
				"CODE_SIGN_IDENTITY[sdk=iphoneos*]" = "";
				DEFINES_MODULE = YES;
				DYLIB_COMPATIBILITY_VERSION = 1;
				DYLIB_CURRENT_VERSION = 1;
				DYLIB_INSTALL_NAME_BASE = "@rpath";
				INFOPLIST_FILE = Configs/Unbox.plist;
				INSTALL_PATH = "$(LOCAL_LIBRARY_DIR)/Frameworks";
				IPHONEOS_DEPLOYMENT_TARGET = 8.0;
				LD_RUNPATH_SEARCH_PATHS = "$(inherited) @executable_path/Frameworks @loader_path/Frameworks";
				PRODUCT_BUNDLE_IDENTIFIER = "com.unbox.Unbox-iOS";
				PRODUCT_NAME = Unbox;
				SKIP_INSTALL = YES;
				SWIFT_OPTIMIZATION_LEVEL = "-Owholemodule";
				SWIFT_VERSION = 3.0;
			};
			name = Release;
		};
		52D6D9941BEFF229002C0205 /* Debug */ = {
			isa = XCBuildConfiguration;
			buildSettings = {
				ALWAYS_EMBED_SWIFT_STANDARD_LIBRARIES = YES;
				CLANG_ENABLE_MODULES = YES;
				INFOPLIST_FILE = Configs/UnboxTests.plist;
				LD_RUNPATH_SEARCH_PATHS = "$(inherited) @executable_path/Frameworks @loader_path/Frameworks";
				PRODUCT_BUNDLE_IDENTIFIER = "com.unbox.Unbox-iOS-Tests";
				PRODUCT_NAME = "$(TARGET_NAME)";
				SWIFT_OPTIMIZATION_LEVEL = "-Onone";
				SWIFT_VERSION = 3.0;
			};
			name = Debug;
		};
		52D6D9951BEFF229002C0205 /* Release */ = {
			isa = XCBuildConfiguration;
			buildSettings = {
				ALWAYS_EMBED_SWIFT_STANDARD_LIBRARIES = YES;
				CLANG_ENABLE_MODULES = YES;
				INFOPLIST_FILE = Configs/UnboxTests.plist;
				LD_RUNPATH_SEARCH_PATHS = "$(inherited) @executable_path/Frameworks @loader_path/Frameworks";
				PRODUCT_BUNDLE_IDENTIFIER = "com.unbox.Unbox-iOS-Tests";
				PRODUCT_NAME = "$(TARGET_NAME)";
				SWIFT_OPTIMIZATION_LEVEL = "-Owholemodule";
				SWIFT_VERSION = 3.0;
			};
			name = Release;
		};
		52D6D9E81BEFFF6E002C0205 /* Debug */ = {
			isa = XCBuildConfiguration;
			buildSettings = {
				APPLICATION_EXTENSION_API_ONLY = YES;
				CLANG_ENABLE_MODULES = YES;
				"CODE_SIGN_IDENTITY[sdk=watchos*]" = "";
				DEFINES_MODULE = YES;
				DYLIB_COMPATIBILITY_VERSION = 1;
				DYLIB_CURRENT_VERSION = 1;
				DYLIB_INSTALL_NAME_BASE = "@rpath";
				INFOPLIST_FILE = Configs/Unbox.plist;
				INSTALL_PATH = "$(LOCAL_LIBRARY_DIR)/Frameworks";
				LD_RUNPATH_SEARCH_PATHS = "$(inherited) @executable_path/Frameworks @loader_path/Frameworks";
				PRODUCT_BUNDLE_IDENTIFIER = "com.unbox.Unbox-watchOS";
				PRODUCT_NAME = Unbox;
				SDKROOT = watchos;
				SKIP_INSTALL = YES;
				SWIFT_OPTIMIZATION_LEVEL = "-Onone";
				SWIFT_VERSION = 3.0;
				TARGETED_DEVICE_FAMILY = 4;
				WATCHOS_DEPLOYMENT_TARGET = 2.0;
			};
			name = Debug;
		};
		52D6D9E91BEFFF6E002C0205 /* Release */ = {
			isa = XCBuildConfiguration;
			buildSettings = {
				APPLICATION_EXTENSION_API_ONLY = YES;
				CLANG_ENABLE_MODULES = YES;
				"CODE_SIGN_IDENTITY[sdk=watchos*]" = "";
				DEFINES_MODULE = YES;
				DYLIB_COMPATIBILITY_VERSION = 1;
				DYLIB_CURRENT_VERSION = 1;
				DYLIB_INSTALL_NAME_BASE = "@rpath";
				INFOPLIST_FILE = Configs/Unbox.plist;
				INSTALL_PATH = "$(LOCAL_LIBRARY_DIR)/Frameworks";
				LD_RUNPATH_SEARCH_PATHS = "$(inherited) @executable_path/Frameworks @loader_path/Frameworks";
				PRODUCT_BUNDLE_IDENTIFIER = "com.unbox.Unbox-watchOS";
				PRODUCT_NAME = Unbox;
				SDKROOT = watchos;
				SKIP_INSTALL = YES;
				SWIFT_OPTIMIZATION_LEVEL = "-Owholemodule";
				SWIFT_VERSION = 3.0;
				TARGETED_DEVICE_FAMILY = 4;
				WATCHOS_DEPLOYMENT_TARGET = 2.0;
			};
			name = Release;
		};
		52D6DA021BEFFFBE002C0205 /* Debug */ = {
			isa = XCBuildConfiguration;
			buildSettings = {
				APPLICATION_EXTENSION_API_ONLY = YES;
				CLANG_ENABLE_MODULES = YES;
				"CODE_SIGN_IDENTITY[sdk=appletvos*]" = "";
				DEFINES_MODULE = YES;
				DYLIB_COMPATIBILITY_VERSION = 1;
				DYLIB_CURRENT_VERSION = 1;
				DYLIB_INSTALL_NAME_BASE = "@rpath";
				INFOPLIST_FILE = Configs/Unbox.plist;
				INSTALL_PATH = "$(LOCAL_LIBRARY_DIR)/Frameworks";
				LD_RUNPATH_SEARCH_PATHS = "$(inherited) @executable_path/Frameworks @loader_path/Frameworks";
				PRODUCT_BUNDLE_IDENTIFIER = "com.unbox.Unbox-tvOS";
				PRODUCT_NAME = Unbox;
				SDKROOT = appletvos;
				SKIP_INSTALL = YES;
				SWIFT_OPTIMIZATION_LEVEL = "-Onone";
				SWIFT_VERSION = 3.0;
				TARGETED_DEVICE_FAMILY = 3;
				TVOS_DEPLOYMENT_TARGET = 9.0;
			};
			name = Debug;
		};
		52D6DA031BEFFFBE002C0205 /* Release */ = {
			isa = XCBuildConfiguration;
			buildSettings = {
				APPLICATION_EXTENSION_API_ONLY = YES;
				CLANG_ENABLE_MODULES = YES;
				"CODE_SIGN_IDENTITY[sdk=appletvos*]" = "";
				DEFINES_MODULE = YES;
				DYLIB_COMPATIBILITY_VERSION = 1;
				DYLIB_CURRENT_VERSION = 1;
				DYLIB_INSTALL_NAME_BASE = "@rpath";
				INFOPLIST_FILE = Configs/Unbox.plist;
				INSTALL_PATH = "$(LOCAL_LIBRARY_DIR)/Frameworks";
				LD_RUNPATH_SEARCH_PATHS = "$(inherited) @executable_path/Frameworks @loader_path/Frameworks";
				PRODUCT_BUNDLE_IDENTIFIER = "com.unbox.Unbox-tvOS";
				PRODUCT_NAME = Unbox;
				SDKROOT = appletvos;
				SKIP_INSTALL = YES;
				SWIFT_OPTIMIZATION_LEVEL = "-Owholemodule";
				SWIFT_VERSION = 3.0;
				TARGETED_DEVICE_FAMILY = 3;
				TVOS_DEPLOYMENT_TARGET = 9.0;
			};
			name = Release;
		};
		52D6DA211BF000BD002C0205 /* Debug */ = {
			isa = XCBuildConfiguration;
			buildSettings = {
				APPLICATION_EXTENSION_API_ONLY = YES;
				CLANG_ENABLE_MODULES = YES;
				CODE_SIGN_IDENTITY = "-";
				COMBINE_HIDPI_IMAGES = YES;
				DEFINES_MODULE = YES;
				DYLIB_COMPATIBILITY_VERSION = 1;
				DYLIB_CURRENT_VERSION = 1;
				DYLIB_INSTALL_NAME_BASE = "@rpath";
				FRAMEWORK_VERSION = A;
				INFOPLIST_FILE = Configs/Unbox.plist;
				INSTALL_PATH = "$(LOCAL_LIBRARY_DIR)/Frameworks";
				LD_RUNPATH_SEARCH_PATHS = "$(inherited) @executable_path/../Frameworks @loader_path/Frameworks";
				MACOSX_DEPLOYMENT_TARGET = 10.9;
				PRODUCT_BUNDLE_IDENTIFIER = "com.unbox.Unbox-macOS";
				PRODUCT_NAME = Unbox;
				SDKROOT = macosx;
				SKIP_INSTALL = YES;
				SWIFT_OPTIMIZATION_LEVEL = "-Onone";
				SWIFT_VERSION = 3.0;
			};
			name = Debug;
		};
		52D6DA221BF000BD002C0205 /* Release */ = {
			isa = XCBuildConfiguration;
			buildSettings = {
				APPLICATION_EXTENSION_API_ONLY = YES;
				CLANG_ENABLE_MODULES = YES;
				CODE_SIGN_IDENTITY = "-";
				COMBINE_HIDPI_IMAGES = YES;
				DEFINES_MODULE = YES;
				DYLIB_COMPATIBILITY_VERSION = 1;
				DYLIB_CURRENT_VERSION = 1;
				DYLIB_INSTALL_NAME_BASE = "@rpath";
				FRAMEWORK_VERSION = A;
				INFOPLIST_FILE = Configs/Unbox.plist;
				INSTALL_PATH = "$(LOCAL_LIBRARY_DIR)/Frameworks";
				LD_RUNPATH_SEARCH_PATHS = "$(inherited) @executable_path/../Frameworks @loader_path/Frameworks";
				MACOSX_DEPLOYMENT_TARGET = 10.9;
				PRODUCT_BUNDLE_IDENTIFIER = "com.unbox.Unbox-macOS";
				PRODUCT_NAME = Unbox;
				SDKROOT = macosx;
				SKIP_INSTALL = YES;
				SWIFT_OPTIMIZATION_LEVEL = "-Owholemodule";
				SWIFT_VERSION = 3.0;
			};
			name = Release;
		};
		DD7502831C68FCFC006590AF /* Debug */ = {
			isa = XCBuildConfiguration;
			buildSettings = {
				ALWAYS_EMBED_SWIFT_STANDARD_LIBRARIES = YES;
				CLANG_ENABLE_MODULES = YES;
				CODE_SIGN_IDENTITY = "-";
				COMBINE_HIDPI_IMAGES = YES;
				INFOPLIST_FILE = Configs/UnboxTests.plist;
				LD_RUNPATH_SEARCH_PATHS = "$(inherited) @executable_path/../Frameworks @loader_path/../Frameworks";
				MACOSX_DEPLOYMENT_TARGET = 10.11;
				PRODUCT_BUNDLE_IDENTIFIER = "com.unbox.Unbox-macOS-Tests";
				PRODUCT_NAME = "$(TARGET_NAME)";
				SDKROOT = macosx;
				SWIFT_OPTIMIZATION_LEVEL = "-Onone";
				SWIFT_VERSION = 3.0;
			};
			name = Debug;
		};
		DD7502841C68FCFC006590AF /* Release */ = {
			isa = XCBuildConfiguration;
			buildSettings = {
				ALWAYS_EMBED_SWIFT_STANDARD_LIBRARIES = YES;
				CLANG_ENABLE_MODULES = YES;
				CODE_SIGN_IDENTITY = "-";
				COMBINE_HIDPI_IMAGES = YES;
				INFOPLIST_FILE = Configs/UnboxTests.plist;
				LD_RUNPATH_SEARCH_PATHS = "$(inherited) @executable_path/../Frameworks @loader_path/../Frameworks";
				MACOSX_DEPLOYMENT_TARGET = 10.11;
				PRODUCT_BUNDLE_IDENTIFIER = "com.unbox.Unbox-macOS-Tests";
				PRODUCT_NAME = "$(TARGET_NAME)";
				SDKROOT = macosx;
				SWIFT_OPTIMIZATION_LEVEL = "-Owholemodule";
				SWIFT_VERSION = 3.0;
			};
			name = Release;
		};
		DD7502961C690C7A006590AF /* Debug */ = {
			isa = XCBuildConfiguration;
			buildSettings = {
				ALWAYS_EMBED_SWIFT_STANDARD_LIBRARIES = YES;
				CLANG_ENABLE_MODULES = YES;
				INFOPLIST_FILE = Configs/UnboxTests.plist;
				LD_RUNPATH_SEARCH_PATHS = "$(inherited) @executable_path/Frameworks @loader_path/Frameworks";
				PRODUCT_BUNDLE_IDENTIFIER = "com.unbox.Unbox-tvOS-Tests";
				PRODUCT_NAME = "$(TARGET_NAME)";
				SDKROOT = appletvos;
				SWIFT_OPTIMIZATION_LEVEL = "-Onone";
				SWIFT_VERSION = 3.0;
				TVOS_DEPLOYMENT_TARGET = 9.1;
			};
			name = Debug;
		};
		DD7502971C690C7A006590AF /* Release */ = {
			isa = XCBuildConfiguration;
			buildSettings = {
				ALWAYS_EMBED_SWIFT_STANDARD_LIBRARIES = YES;
				CLANG_ENABLE_MODULES = YES;
				INFOPLIST_FILE = Configs/UnboxTests.plist;
				LD_RUNPATH_SEARCH_PATHS = "$(inherited) @executable_path/Frameworks @loader_path/Frameworks";
				PRODUCT_BUNDLE_IDENTIFIER = "com.unbox.Unbox-tvOS-Tests";
				PRODUCT_NAME = "$(TARGET_NAME)";
				SDKROOT = appletvos;
				SWIFT_OPTIMIZATION_LEVEL = "-Owholemodule";
				SWIFT_VERSION = 3.0;
				TVOS_DEPLOYMENT_TARGET = 9.1;
			};
			name = Release;
		};
/* End XCBuildConfiguration section */

/* Begin XCConfigurationList section */
		52D6D9761BEFF229002C0205 /* Build configuration list for PBXProject "Unbox" */ = {
			isa = XCConfigurationList;
			buildConfigurations = (
				52D6D98E1BEFF229002C0205 /* Debug */,
				52D6D98F1BEFF229002C0205 /* Release */,
			);
			defaultConfigurationIsVisible = 0;
			defaultConfigurationName = Release;
		};
		52D6D9901BEFF229002C0205 /* Build configuration list for PBXNativeTarget "Unbox-iOS" */ = {
			isa = XCConfigurationList;
			buildConfigurations = (
				52D6D9911BEFF229002C0205 /* Debug */,
				52D6D9921BEFF229002C0205 /* Release */,
			);
			defaultConfigurationIsVisible = 0;
			defaultConfigurationName = Release;
		};
		52D6D9931BEFF229002C0205 /* Build configuration list for PBXNativeTarget "Unbox-iOS Tests" */ = {
			isa = XCConfigurationList;
			buildConfigurations = (
				52D6D9941BEFF229002C0205 /* Debug */,
				52D6D9951BEFF229002C0205 /* Release */,
			);
			defaultConfigurationIsVisible = 0;
			defaultConfigurationName = Release;
		};
		52D6D9E71BEFFF6E002C0205 /* Build configuration list for PBXNativeTarget "Unbox-watchOS" */ = {
			isa = XCConfigurationList;
			buildConfigurations = (
				52D6D9E81BEFFF6E002C0205 /* Debug */,
				52D6D9E91BEFFF6E002C0205 /* Release */,
			);
			defaultConfigurationIsVisible = 0;
			defaultConfigurationName = Release;
		};
		52D6DA011BEFFFBE002C0205 /* Build configuration list for PBXNativeTarget "Unbox-tvOS" */ = {
			isa = XCConfigurationList;
			buildConfigurations = (
				52D6DA021BEFFFBE002C0205 /* Debug */,
				52D6DA031BEFFFBE002C0205 /* Release */,
			);
			defaultConfigurationIsVisible = 0;
			defaultConfigurationName = Release;
		};
		52D6DA201BF000BD002C0205 /* Build configuration list for PBXNativeTarget "Unbox-macOS" */ = {
			isa = XCConfigurationList;
			buildConfigurations = (
				52D6DA211BF000BD002C0205 /* Debug */,
				52D6DA221BF000BD002C0205 /* Release */,
			);
			defaultConfigurationIsVisible = 0;
			defaultConfigurationName = Release;
		};
		DD7502821C68FCFC006590AF /* Build configuration list for PBXNativeTarget "Unbox-macOS Tests" */ = {
			isa = XCConfigurationList;
			buildConfigurations = (
				DD7502831C68FCFC006590AF /* Debug */,
				DD7502841C68FCFC006590AF /* Release */,
			);
			defaultConfigurationIsVisible = 0;
			defaultConfigurationName = Release;
		};
		DD7502951C690C7A006590AF /* Build configuration list for PBXNativeTarget "Unbox-tvOS Tests" */ = {
			isa = XCConfigurationList;
			buildConfigurations = (
				DD7502961C690C7A006590AF /* Debug */,
				DD7502971C690C7A006590AF /* Release */,
			);
			defaultConfigurationIsVisible = 0;
			defaultConfigurationName = Release;
		};
/* End XCConfigurationList section */
	};
	rootObject = 52D6D9731BEFF229002C0205 /* Project object */;
}
